// !$*UTF8*$!
{
	archiveVersion = 1;
	classes = {
	};
	objectVersion = 46;
	objects = {

/* Begin PBXBuildFile section */
		0765D20E1B925E7C003961EE /* Preset.m in Sources */ = {isa = PBXBuildFile; fileRef = 0765D20D1B925E7C003961EE /* Preset.m */; };
		0765D2101B9265B2003961EE /* Main.storyboard in Resources */ = {isa = PBXBuildFile; fileRef = 0765D20F1B9265B2003961EE /* Main.storyboard */; };
		842BB5ED1B98EE3100D42FF1 /* 991.jpg in Resources */ = {isa = PBXBuildFile; fileRef = 842BB5E91B98EE3100D42FF1 /* 991.jpg */; };
		842BB5EE1B98EE3100D42FF1 /* 992.jpg in Resources */ = {isa = PBXBuildFile; fileRef = 842BB5EA1B98EE3100D42FF1 /* 992.jpg */; };
		842BB5EF1B98EE3100D42FF1 /* 993.jpg in Resources */ = {isa = PBXBuildFile; fileRef = 842BB5EB1B98EE3100D42FF1 /* 993.jpg */; };
		842BB5F01B98EE3100D42FF1 /* 994.jpg in Resources */ = {isa = PBXBuildFile; fileRef = 842BB5EC1B98EE3100D42FF1 /* 994.jpg */; };
		8478CE8E1B8E1D6E0045BDD7 /* WorldClockTableViewController.m in Sources */ = {isa = PBXBuildFile; fileRef = 8478CE8D1B8E1D6E0045BDD7 /* WorldClockTableViewController.m */; };
		8478CE951B8F51E00045BDD7 /* WorldClockAddTableViewController.m in Sources */ = {isa = PBXBuildFile; fileRef = 8478CE941B8F51E00045BDD7 /* WorldClockAddTableViewController.m */; };
		8478CEF31B8FEB7C0045BDD7 /* WorldClockInfo.m in Sources */ = {isa = PBXBuildFile; fileRef = 8478CEF21B8FEB7C0045BDD7 /* WorldClockInfo.m */; };
		8478CEF61B9000FD0045BDD7 /* CountdownEventViewController.m in Sources */ = {isa = PBXBuildFile; fileRef = 8478CEF51B9000FD0045BDD7 /* CountdownEventViewController.m */; };
		847EEB7D1B93685C00C096E2 /* STKSpinnerView.m in Sources */ = {isa = PBXBuildFile; fileRef = 847EEB7C1B93685C00C096E2 /* STKSpinnerView.m */; };
		847EEB7F1B93803B00C096E2 /* clock-ticking.mp3 in Resources */ = {isa = PBXBuildFile; fileRef = 847EEB7E1B93803B00C096E2 /* clock-ticking.mp3 */; };
		847EEB811B93942B00C096E2 /* TimerIsOff.wav in Resources */ = {isa = PBXBuildFile; fileRef = 847EEB801B93942B00C096E2 /* TimerIsOff.wav */; };
		847EEB831B949DCF00C096E2 /* Clock-Ticking(1minute).mp3 in Resources */ = {isa = PBXBuildFile; fileRef = 847EEB821B949DCF00C096E2 /* Clock-Ticking(1minute).mp3 */; };
		8496CC3C1B86C30900FB2AAA /* StopWatchViewController.m in Sources */ = {isa = PBXBuildFile; fileRef = 8496CC3B1B86C30900FB2AAA /* StopWatchViewController.m */; };
		8496CC961B8A56F600FB2AAA /* digital-7 (italic).ttf in Resources */ = {isa = PBXBuildFile; fileRef = 8496CC931B8A56F600FB2AAA /* digital-7 (italic).ttf */; };
		8496CC971B8A56F600FB2AAA /* digital-7 (mono).ttf in Resources */ = {isa = PBXBuildFile; fileRef = 8496CC941B8A56F600FB2AAA /* digital-7 (mono).ttf */; };
		8496CC981B8A56F600FB2AAA /* digital-7.ttf in Resources */ = {isa = PBXBuildFile; fileRef = 8496CC951B8A56F600FB2AAA /* digital-7.ttf */; };
		8496CC9A1B8A5FC200FB2AAA /* digitalFont.ttf in Resources */ = {isa = PBXBuildFile; fileRef = 8496CC991B8A5FC200FB2AAA /* digitalFont.ttf */; };
		8496CC9C1B8A660000FB2AAA /* clock-ticking-5.mp3 in Resources */ = {isa = PBXBuildFile; fileRef = 8496CC9B1B8A660000FB2AAA /* clock-ticking-5.mp3 */; };
		8496CC9F1B8A768700FB2AAA /* TimerViewController.m in Sources */ = {isa = PBXBuildFile; fileRef = 8496CC9E1B8A768700FB2AAA /* TimerViewController.m */; };
		8496CCA11B8ABA1F00FB2AAA /* ding.wav in Resources */ = {isa = PBXBuildFile; fileRef = 8496CCA01B8ABA1F00FB2AAA /* ding.wav */; };
		8499D3D41B94F00300A434C9 /* PressetData.m in Sources */ = {isa = PBXBuildFile; fileRef = 8499D3D31B94F00300A434C9 /* PressetData.m */; };
		8499D3D71B950C5C00A434C9 /* PresetAddViewController.m in Sources */ = {isa = PBXBuildFile; fileRef = 8499D3D61B950C5C00A434C9 /* PresetAddViewController.m */; };
		8499D3DA1B9549F100A434C9 /* PresetViewController.m in Sources */ = {isa = PBXBuildFile; fileRef = 8499D3D91B9549F100A434C9 /* PresetViewController.m */; };
		8D05375E1B86687C00588318 /* main.m in Sources */ = {isa = PBXBuildFile; fileRef = 8D05375D1B86687C00588318 /* main.m */; };
		8D0537611B86687C00588318 /* AppDelegate.m in Sources */ = {isa = PBXBuildFile; fileRef = 8D0537601B86687C00588318 /* AppDelegate.m */; };
		8D0537691B86687C00588318 /* Images.xcassets in Resources */ = {isa = PBXBuildFile; fileRef = 8D0537681B86687C00588318 /* Images.xcassets */; };
		8D05376C1B86687C00588318 /* LaunchScreen.xib in Resources */ = {isa = PBXBuildFile; fileRef = 8D05376A1B86687C00588318 /* LaunchScreen.xib */; };
		8D0537781B86687C00588318 /* TimeTests.m in Sources */ = {isa = PBXBuildFile; fileRef = 8D0537771B86687C00588318 /* TimeTests.m */; };
/* End PBXBuildFile section */

/* Begin PBXContainerItemProxy section */
		8D0537721B86687C00588318 /* PBXContainerItemProxy */ = {
			isa = PBXContainerItemProxy;
			containerPortal = 8D0537501B86687B00588318 /* Project object */;
			proxyType = 1;
			remoteGlobalIDString = 8D0537571B86687B00588318;
			remoteInfo = Time;
		};
/* End PBXContainerItemProxy section */

/* Begin PBXFileReference section */
		0765D20C1B925E7C003961EE /* Preset.h */ = {isa = PBXFileReference; fileEncoding = 4; lastKnownFileType = sourcecode.c.h; path = Preset.h; sourceTree = "<group>"; };
		0765D20D1B925E7C003961EE /* Preset.m */ = {isa = PBXFileReference; fileEncoding = 4; lastKnownFileType = sourcecode.c.objc; path = Preset.m; sourceTree = "<group>"; };
		0765D20F1B9265B2003961EE /* Main.storyboard */ = {isa = PBXFileReference; fileEncoding = 4; lastKnownFileType = file.storyboard; path = Main.storyboard; sourceTree = "<group>"; };
		842BB5E91B98EE3100D42FF1 /* 991.jpg */ = {isa = PBXFileReference; lastKnownFileType = image.jpeg; path = 991.jpg; sourceTree = "<group>"; };
		842BB5EA1B98EE3100D42FF1 /* 992.jpg */ = {isa = PBXFileReference; lastKnownFileType = image.jpeg; path = 992.jpg; sourceTree = "<group>"; };
		842BB5EB1B98EE3100D42FF1 /* 993.jpg */ = {isa = PBXFileReference; lastKnownFileType = image.jpeg; path = 993.jpg; sourceTree = "<group>"; };
		842BB5EC1B98EE3100D42FF1 /* 994.jpg */ = {isa = PBXFileReference; lastKnownFileType = image.jpeg; path = 994.jpg; sourceTree = "<group>"; };
		8478CE8C1B8E1D6E0045BDD7 /* WorldClockTableViewController.h */ = {isa = PBXFileReference; fileEncoding = 4; lastKnownFileType = sourcecode.c.h; path = WorldClockTableViewController.h; sourceTree = "<group>"; };
		8478CE8D1B8E1D6E0045BDD7 /* WorldClockTableViewController.m */ = {isa = PBXFileReference; fileEncoding = 4; lastKnownFileType = sourcecode.c.objc; path = WorldClockTableViewController.m; sourceTree = "<group>"; };
		8478CE931B8F51E00045BDD7 /* WorldClockAddTableViewController.h */ = {isa = PBXFileReference; fileEncoding = 4; lastKnownFileType = sourcecode.c.h; path = WorldClockAddTableViewController.h; sourceTree = "<group>"; };
		8478CE941B8F51E00045BDD7 /* WorldClockAddTableViewController.m */ = {isa = PBXFileReference; fileEncoding = 4; lastKnownFileType = sourcecode.c.objc; path = WorldClockAddTableViewController.m; sourceTree = "<group>"; };
		8478CEF11B8FEB7C0045BDD7 /* WorldClockInfo.h */ = {isa = PBXFileReference; fileEncoding = 4; lastKnownFileType = sourcecode.c.h; path = WorldClockInfo.h; sourceTree = "<group>"; };
		8478CEF21B8FEB7C0045BDD7 /* WorldClockInfo.m */ = {isa = PBXFileReference; fileEncoding = 4; lastKnownFileType = sourcecode.c.objc; path = WorldClockInfo.m; sourceTree = "<group>"; };
		8478CEF41B9000FD0045BDD7 /* CountdownEventViewController.h */ = {isa = PBXFileReference; fileEncoding = 4; lastKnownFileType = sourcecode.c.h; path = CountdownEventViewController.h; sourceTree = "<group>"; };
		8478CEF51B9000FD0045BDD7 /* CountdownEventViewController.m */ = {isa = PBXFileReference; fileEncoding = 4; lastKnownFileType = sourcecode.c.objc; path = CountdownEventViewController.m; sourceTree = "<group>"; };
		847EEB7B1B93685C00C096E2 /* STKSpinnerView.h */ = {isa = PBXFileReference; fileEncoding = 4; lastKnownFileType = sourcecode.c.h; path = STKSpinnerView.h; sourceTree = "<group>"; };
		847EEB7C1B93685C00C096E2 /* STKSpinnerView.m */ = {isa = PBXFileReference; fileEncoding = 4; lastKnownFileType = sourcecode.c.objc; path = STKSpinnerView.m; sourceTree = "<group>"; };
		847EEB7E1B93803B00C096E2 /* clock-ticking.mp3 */ = {isa = PBXFileReference; lastKnownFileType = audio.mp3; path = "clock-ticking.mp3"; sourceTree = "<group>"; };
		847EEB801B93942B00C096E2 /* TimerIsOff.wav */ = {isa = PBXFileReference; lastKnownFileType = audio.wav; path = TimerIsOff.wav; sourceTree = "<group>"; };
		847EEB821B949DCF00C096E2 /* Clock-Ticking(1minute).mp3 */ = {isa = PBXFileReference; lastKnownFileType = audio.mp3; path = "Clock-Ticking(1minute).mp3"; sourceTree = "<group>"; };
		8496CC3A1B86C30900FB2AAA /* StopWatchViewController.h */ = {isa = PBXFileReference; fileEncoding = 4; lastKnownFileType = sourcecode.c.h; path = StopWatchViewController.h; sourceTree = "<group>"; };
		8496CC3B1B86C30900FB2AAA /* StopWatchViewController.m */ = {isa = PBXFileReference; fileEncoding = 4; lastKnownFileType = sourcecode.c.objc; path = StopWatchViewController.m; sourceTree = "<group>"; tabWidth = 4; };
		8496CC931B8A56F600FB2AAA /* digital-7 (italic).ttf */ = {isa = PBXFileReference; lastKnownFileType = file; path = "digital-7 (italic).ttf"; sourceTree = "<group>"; };
		8496CC941B8A56F600FB2AAA /* digital-7 (mono).ttf */ = {isa = PBXFileReference; lastKnownFileType = file; path = "digital-7 (mono).ttf"; sourceTree = "<group>"; };
		8496CC951B8A56F600FB2AAA /* digital-7.ttf */ = {isa = PBXFileReference; lastKnownFileType = file; path = "digital-7.ttf"; sourceTree = "<group>"; };
		8496CC991B8A5FC200FB2AAA /* digitalFont.ttf */ = {isa = PBXFileReference; lastKnownFileType = file; name = digitalFont.ttf; path = ../digitalFont.ttf; sourceTree = "<group>"; };
		8496CC9B1B8A660000FB2AAA /* clock-ticking-5.mp3 */ = {isa = PBXFileReference; lastKnownFileType = audio.mp3; path = "clock-ticking-5.mp3"; sourceTree = "<group>"; };
		8496CC9D1B8A768700FB2AAA /* TimerViewController.h */ = {isa = PBXFileReference; fileEncoding = 4; lastKnownFileType = sourcecode.c.h; path = TimerViewController.h; sourceTree = "<group>"; };
		8496CC9E1B8A768700FB2AAA /* TimerViewController.m */ = {isa = PBXFileReference; fileEncoding = 4; lastKnownFileType = sourcecode.c.objc; path = TimerViewController.m; sourceTree = "<group>"; };
		8496CCA01B8ABA1F00FB2AAA /* ding.wav */ = {isa = PBXFileReference; lastKnownFileType = audio.wav; path = ding.wav; sourceTree = "<group>"; };
		8499D3D21B94F00300A434C9 /* PressetData.h */ = {isa = PBXFileReference; fileEncoding = 4; lastKnownFileType = sourcecode.c.h; path = PressetData.h; sourceTree = "<group>"; };
		8499D3D31B94F00300A434C9 /* PressetData.m */ = {isa = PBXFileReference; fileEncoding = 4; lastKnownFileType = sourcecode.c.objc; path = PressetData.m; sourceTree = "<group>"; };
		8499D3D51B950C5C00A434C9 /* PresetAddViewController.h */ = {isa = PBXFileReference; fileEncoding = 4; lastKnownFileType = sourcecode.c.h; path = PresetAddViewController.h; sourceTree = "<group>"; };
		8499D3D61B950C5C00A434C9 /* PresetAddViewController.m */ = {isa = PBXFileReference; fileEncoding = 4; lastKnownFileType = sourcecode.c.objc; path = PresetAddViewController.m; sourceTree = "<group>"; };
		8499D3D81B9549F100A434C9 /* PresetViewController.h */ = {isa = PBXFileReference; fileEncoding = 4; lastKnownFileType = sourcecode.c.h; path = PresetViewController.h; sourceTree = "<group>"; };
		8499D3D91B9549F100A434C9 /* PresetViewController.m */ = {isa = PBXFileReference; fileEncoding = 4; lastKnownFileType = sourcecode.c.objc; path = PresetViewController.m; sourceTree = "<group>"; };
		8D0537581B86687B00588318 /* Time.app */ = {isa = PBXFileReference; explicitFileType = wrapper.application; includeInIndex = 0; path = Time.app; sourceTree = BUILT_PRODUCTS_DIR; };
		8D05375C1B86687B00588318 /* Info.plist */ = {isa = PBXFileReference; lastKnownFileType = text.plist.xml; path = Info.plist; sourceTree = "<group>"; };
		8D05375D1B86687C00588318 /* main.m */ = {isa = PBXFileReference; lastKnownFileType = sourcecode.c.objc; path = main.m; sourceTree = "<group>"; };
		8D05375F1B86687C00588318 /* AppDelegate.h */ = {isa = PBXFileReference; lastKnownFileType = sourcecode.c.h; path = AppDelegate.h; sourceTree = "<group>"; };
		8D0537601B86687C00588318 /* AppDelegate.m */ = {isa = PBXFileReference; lastKnownFileType = sourcecode.c.objc; path = AppDelegate.m; sourceTree = "<group>"; };
		8D0537681B86687C00588318 /* Images.xcassets */ = {isa = PBXFileReference; lastKnownFileType = folder.assetcatalog; path = Images.xcassets; sourceTree = "<group>"; };
		8D05376B1B86687C00588318 /* Base */ = {isa = PBXFileReference; lastKnownFileType = file.xib; name = Base; path = Base.lproj/LaunchScreen.xib; sourceTree = "<group>"; };
		8D0537711B86687C00588318 /* TimeTests.xctest */ = {isa = PBXFileReference; explicitFileType = wrapper.cfbundle; includeInIndex = 0; path = TimeTests.xctest; sourceTree = BUILT_PRODUCTS_DIR; };
		8D0537761B86687C00588318 /* Info.plist */ = {isa = PBXFileReference; lastKnownFileType = text.plist.xml; path = Info.plist; sourceTree = "<group>"; };
		8D0537771B86687C00588318 /* TimeTests.m */ = {isa = PBXFileReference; lastKnownFileType = sourcecode.c.objc; path = TimeTests.m; sourceTree = "<group>"; };
/* End PBXFileReference section */

/* Begin PBXFrameworksBuildPhase section */
		8D0537551B86687B00588318 /* Frameworks */ = {
			isa = PBXFrameworksBuildPhase;
			buildActionMask = 2147483647;
			files = (
			);
			runOnlyForDeploymentPostprocessing = 0;
		};
		8D05376E1B86687C00588318 /* Frameworks */ = {
			isa = PBXFrameworksBuildPhase;
			buildActionMask = 2147483647;
			files = (
			);
			runOnlyForDeploymentPostprocessing = 0;
		};
/* End PBXFrameworksBuildPhase section */

/* Begin PBXGroup section */
		8496CC811B8A565E00FB2AAA /* ds_digital */ = {
			isa = PBXGroup;
			children = (
				8496CC931B8A56F600FB2AAA /* digital-7 (italic).ttf */,
				8496CC941B8A56F600FB2AAA /* digital-7 (mono).ttf */,
				8496CC951B8A56F600FB2AAA /* digital-7.ttf */,
			);
			path = ds_digital;
			sourceTree = "<group>";
		};
		8D05374F1B86687B00588318 = {
			isa = PBXGroup;
			children = (
				8D05375A1B86687B00588318 /* Time */,
				8D0537741B86687C00588318 /* TimeTests */,
				8D0537591B86687B00588318 /* Products */,
				8496CC811B8A565E00FB2AAA /* ds_digital */,
			);
			sourceTree = "<group>";
		};
		8D0537591B86687B00588318 /* Products */ = {
			isa = PBXGroup;
			children = (
				8D0537581B86687B00588318 /* Time.app */,
				8D0537711B86687C00588318 /* TimeTests.xctest */,
			);
			name = Products;
			sourceTree = "<group>";
		};
		8D05375A1B86687B00588318 /* Time */ = {
			isa = PBXGroup;
			children = (
				8496CC991B8A5FC200FB2AAA /* digitalFont.ttf */,
				8D05375F1B86687C00588318 /* AppDelegate.h */,
				8D0537601B86687C00588318 /* AppDelegate.m */,
				8478CEF41B9000FD0045BDD7 /* CountdownEventViewController.h */,
				8478CEF51B9000FD0045BDD7 /* CountdownEventViewController.m */,
				8478CEF11B8FEB7C0045BDD7 /* WorldClockInfo.h */,
				8478CEF21B8FEB7C0045BDD7 /* WorldClockInfo.m */,
				8478CE8C1B8E1D6E0045BDD7 /* WorldClockTableViewController.h */,
				8478CE8D1B8E1D6E0045BDD7 /* WorldClockTableViewController.m */,
				8478CE931B8F51E00045BDD7 /* WorldClockAddTableViewController.h */,
				8478CE941B8F51E00045BDD7 /* WorldClockAddTableViewController.m */,
				8496CC9D1B8A768700FB2AAA /* TimerViewController.h */,
				8496CC9E1B8A768700FB2AAA /* TimerViewController.m */,
				0765D20C1B925E7C003961EE /* Preset.h */,
				0765D20D1B925E7C003961EE /* Preset.m */,
				8499D3D21B94F00300A434C9 /* PressetData.h */,
				8499D3D31B94F00300A434C9 /* PressetData.m */,
				8499D3D81B9549F100A434C9 /* PresetViewController.h */,
				8499D3D91B9549F100A434C9 /* PresetViewController.m */,
				8499D3D51B950C5C00A434C9 /* PresetAddViewController.h */,
				8499D3D61B950C5C00A434C9 /* PresetAddViewController.m */,
				0765D20F1B9265B2003961EE /* Main.storyboard */,
				8496CC3A1B86C30900FB2AAA /* StopWatchViewController.h */,
				8496CC3B1B86C30900FB2AAA /* StopWatchViewController.m */,
				8D0537681B86687C00588318 /* Images.xcassets */,
				8D05376A1B86687C00588318 /* LaunchScreen.xib */,
				847EEB801B93942B00C096E2 /* TimerIsOff.wav */,
				8496CC9B1B8A660000FB2AAA /* clock-ticking-5.mp3 */,
				847EEB821B949DCF00C096E2 /* Clock-Ticking(1minute).mp3 */,
				847EEB7E1B93803B00C096E2 /* clock-ticking.mp3 */,
				8496CCA01B8ABA1F00FB2AAA /* ding.wav */,
				8D05375B1B86687B00588318 /* Supporting Files */,
			);
			path = Time;
			sourceTree = "<group>";
		};
		8D05375B1B86687B00588318 /* Supporting Files */ = {
			isa = PBXGroup;
			children = (
				842BB5E91B98EE3100D42FF1 /* 991.jpg */,
				842BB5EA1B98EE3100D42FF1 /* 992.jpg */,
				842BB5EB1B98EE3100D42FF1 /* 993.jpg */,
				842BB5EC1B98EE3100D42FF1 /* 994.jpg */,
				847EEB7B1B93685C00C096E2 /* STKSpinnerView.h */,
				847EEB7C1B93685C00C096E2 /* STKSpinnerView.m */,
				8D05375C1B86687B00588318 /* Info.plist */,
				8D05375D1B86687C00588318 /* main.m */,
			);
			name = "Supporting Files";
			sourceTree = "<group>";
		};
		8D0537741B86687C00588318 /* TimeTests */ = {
			isa = PBXGroup;
			children = (
				8D0537771B86687C00588318 /* TimeTests.m */,
				8D0537751B86687C00588318 /* Supporting Files */,
			);
			path = TimeTests;
			sourceTree = "<group>";
		};
		8D0537751B86687C00588318 /* Supporting Files */ = {
			isa = PBXGroup;
			children = (
				8D0537761B86687C00588318 /* Info.plist */,
			);
			name = "Supporting Files";
			sourceTree = "<group>";
		};
/* End PBXGroup section */

/* Begin PBXNativeTarget section */
		8D0537571B86687B00588318 /* Time */ = {
			isa = PBXNativeTarget;
			buildConfigurationList = 8D05377B1B86687C00588318 /* Build configuration list for PBXNativeTarget "Time" */;
			buildPhases = (
				8D0537541B86687B00588318 /* Sources */,
				8D0537551B86687B00588318 /* Frameworks */,
				8D0537561B86687B00588318 /* Resources */,
			);
			buildRules = (
			);
			dependencies = (
			);
			name = Time;
			productName = Time;
			productReference = 8D0537581B86687B00588318 /* Time.app */;
			productType = "com.apple.product-type.application";
		};
		8D0537701B86687C00588318 /* TimeTests */ = {
			isa = PBXNativeTarget;
			buildConfigurationList = 8D05377E1B86687C00588318 /* Build configuration list for PBXNativeTarget "TimeTests" */;
			buildPhases = (
				8D05376D1B86687C00588318 /* Sources */,
				8D05376E1B86687C00588318 /* Frameworks */,
				8D05376F1B86687C00588318 /* Resources */,
			);
			buildRules = (
			);
			dependencies = (
				8D0537731B86687C00588318 /* PBXTargetDependency */,
			);
			name = TimeTests;
			productName = TimeTests;
			productReference = 8D0537711B86687C00588318 /* TimeTests.xctest */;
			productType = "com.apple.product-type.bundle.unit-test";
		};
/* End PBXNativeTarget section */

/* Begin PBXProject section */
		8D0537501B86687B00588318 /* Project object */ = {
			isa = PBXProject;
			attributes = {
				LastUpgradeCheck = 0640;
				ORGANIZATIONNAME = "Mike Kavouras";
				TargetAttributes = {
					8D0537571B86687B00588318 = {
						CreatedOnToolsVersion = 6.4;
					};
					8D0537701B86687C00588318 = {
						CreatedOnToolsVersion = 6.4;
						TestTargetID = 8D0537571B86687B00588318;
					};
				};
			};
			buildConfigurationList = 8D0537531B86687B00588318 /* Build configuration list for PBXProject "Time" */;
			compatibilityVersion = "Xcode 3.2";
			developmentRegion = English;
			hasScannedForEncodings = 0;
			knownRegions = (
				en,
				Base,
			);
			mainGroup = 8D05374F1B86687B00588318;
			productRefGroup = 8D0537591B86687B00588318 /* Products */;
			projectDirPath = "";
			projectRoot = "";
			targets = (
				8D0537571B86687B00588318 /* Time */,
				8D0537701B86687C00588318 /* TimeTests */,
			);
		};
/* End PBXProject section */

/* Begin PBXResourcesBuildPhase section */
		8D0537561B86687B00588318 /* Resources */ = {
			isa = PBXResourcesBuildPhase;
			buildActionMask = 2147483647;
			files = (
				8496CC981B8A56F600FB2AAA /* digital-7.ttf in Resources */,
				8496CC9A1B8A5FC200FB2AAA /* digitalFont.ttf in Resources */,
				8D05376C1B86687C00588318 /* LaunchScreen.xib in Resources */,
				842BB5EF1B98EE3100D42FF1 /* 993.jpg in Resources */,
				8D0537691B86687C00588318 /* Images.xcassets in Resources */,
				8496CC9C1B8A660000FB2AAA /* clock-ticking-5.mp3 in Resources */,
				847EEB811B93942B00C096E2 /* TimerIsOff.wav in Resources */,
				847EEB831B949DCF00C096E2 /* Clock-Ticking(1minute).mp3 in Resources */,
				8496CCA11B8ABA1F00FB2AAA /* ding.wav in Resources */,
				842BB5ED1B98EE3100D42FF1 /* 991.jpg in Resources */,
				0765D2101B9265B2003961EE /* Main.storyboard in Resources */,
				8496CC961B8A56F600FB2AAA /* digital-7 (italic).ttf in Resources */,
				842BB5F01B98EE3100D42FF1 /* 994.jpg in Resources */,
				8496CC971B8A56F600FB2AAA /* digital-7 (mono).ttf in Resources */,
				842BB5EE1B98EE3100D42FF1 /* 992.jpg in Resources */,
				847EEB7F1B93803B00C096E2 /* clock-ticking.mp3 in Resources */,
			);
			runOnlyForDeploymentPostprocessing = 0;
		};
		8D05376F1B86687C00588318 /* Resources */ = {
			isa = PBXResourcesBuildPhase;
			buildActionMask = 2147483647;
			files = (
			);
			runOnlyForDeploymentPostprocessing = 0;
		};
/* End PBXResourcesBuildPhase section */

/* Begin PBXSourcesBuildPhase section */
		8D0537541B86687B00588318 /* Sources */ = {
			isa = PBXSourcesBuildPhase;
			buildActionMask = 2147483647;
			files = (
				847EEB7D1B93685C00C096E2 /* STKSpinnerView.m in Sources */,
				0765D20E1B925E7C003961EE /* Preset.m in Sources */,
				8478CE8E1B8E1D6E0045BDD7 /* WorldClockTableViewController.m in Sources */,
				8496CC9F1B8A768700FB2AAA /* TimerViewController.m in Sources */,
				8496CC3C1B86C30900FB2AAA /* StopWatchViewController.m in Sources */,
				8478CEF61B9000FD0045BDD7 /* CountdownEventViewController.m in Sources */,
				8D0537611B86687C00588318 /* AppDelegate.m in Sources */,
				8478CEF31B8FEB7C0045BDD7 /* WorldClockInfo.m in Sources */,
				8499D3D41B94F00300A434C9 /* PressetData.m in Sources */,
				8D05375E1B86687C00588318 /* main.m in Sources */,
				8478CE951B8F51E00045BDD7 /* WorldClockAddTableViewController.m in Sources */,
				8499D3DA1B9549F100A434C9 /* PresetViewController.m in Sources */,
				8499D3D71B950C5C00A434C9 /* PresetAddViewController.m in Sources */,
			);
			runOnlyForDeploymentPostprocessing = 0;
		};
		8D05376D1B86687C00588318 /* Sources */ = {
			isa = PBXSourcesBuildPhase;
			buildActionMask = 2147483647;
			files = (
				8D0537781B86687C00588318 /* TimeTests.m in Sources */,
			);
			runOnlyForDeploymentPostprocessing = 0;
		};
/* End PBXSourcesBuildPhase section */

/* Begin PBXTargetDependency section */
		8D0537731B86687C00588318 /* PBXTargetDependency */ = {
			isa = PBXTargetDependency;
			target = 8D0537571B86687B00588318 /* Time */;
			targetProxy = 8D0537721B86687C00588318 /* PBXContainerItemProxy */;
		};
/* End PBXTargetDependency section */

/* Begin PBXVariantGroup section */
		8D05376A1B86687C00588318 /* LaunchScreen.xib */ = {
			isa = PBXVariantGroup;
			children = (
				8D05376B1B86687C00588318 /* Base */,
			);
			name = LaunchScreen.xib;
			sourceTree = "<group>";
		};
/* End PBXVariantGroup section */

/* Begin XCBuildConfiguration section */
		8D0537791B86687C00588318 /* Debug */ = {
			isa = XCBuildConfiguration;
			buildSettings = {
				ALWAYS_SEARCH_USER_PATHS = NO;
				CLANG_CXX_LANGUAGE_STANDARD = "gnu++0x";
				CLANG_CXX_LIBRARY = "libc++";
				CLANG_ENABLE_MODULES = YES;
				CLANG_ENABLE_OBJC_ARC = YES;
				CLANG_WARN_BOOL_CONVERSION = YES;
				CLANG_WARN_CONSTANT_CONVERSION = YES;
				CLANG_WARN_DIRECT_OBJC_ISA_USAGE = YES_ERROR;
				CLANG_WARN_EMPTY_BODY = YES;
				CLANG_WARN_ENUM_CONVERSION = YES;
				CLANG_WARN_INT_CONVERSION = YES;
				CLANG_WARN_OBJC_ROOT_CLASS = YES_ERROR;
				CLANG_WARN_UNREACHABLE_CODE = YES;
				CLANG_WARN__DUPLICATE_METHOD_MATCH = YES;
				"CODE_SIGN_IDENTITY[sdk=iphoneos*]" = "iPhone Developer";
				COPY_PHASE_STRIP = NO;
				DEBUG_INFORMATION_FORMAT = "dwarf-with-dsym";
				ENABLE_STRICT_OBJC_MSGSEND = YES;
				GCC_C_LANGUAGE_STANDARD = gnu99;
				GCC_DYNAMIC_NO_PIC = NO;
				GCC_NO_COMMON_BLOCKS = YES;
				GCC_OPTIMIZATION_LEVEL = 0;
				GCC_PREPROCESSOR_DEFINITIONS = (
					"DEBUG=1",
					"$(inherited)",
				);
				GCC_SYMBOLS_PRIVATE_EXTERN = NO;
				GCC_WARN_64_TO_32_BIT_CONVERSION = YES;
				GCC_WARN_ABOUT_RETURN_TYPE = YES_ERROR;
				GCC_WARN_UNDECLARED_SELECTOR = YES;
				GCC_WARN_UNINITIALIZED_AUTOS = YES_AGGRESSIVE;
				GCC_WARN_UNUSED_FUNCTION = YES;
				GCC_WARN_UNUSED_VARIABLE = YES;
				IPHONEOS_DEPLOYMENT_TARGET = 8.4;
				MTL_ENABLE_DEBUG_INFO = YES;
				ONLY_ACTIVE_ARCH = YES;
				SDKROOT = iphoneos;
				TARGETED_DEVICE_FAMILY = "1,2";
			};
			name = Debug;
		};
		8D05377A1B86687C00588318 /* Release */ = {
			isa = XCBuildConfiguration;
			buildSettings = {
				ALWAYS_SEARCH_USER_PATHS = NO;
				CLANG_CXX_LANGUAGE_STANDARD = "gnu++0x";
				CLANG_CXX_LIBRARY = "libc++";
				CLANG_ENABLE_MODULES = YES;
				CLANG_ENABLE_OBJC_ARC = YES;
				CLANG_WARN_BOOL_CONVERSION = YES;
				CLANG_WARN_CONSTANT_CONVERSION = YES;
				CLANG_WARN_DIRECT_OBJC_ISA_USAGE = YES_ERROR;
				CLANG_WARN_EMPTY_BODY = YES;
				CLANG_WARN_ENUM_CONVERSION = YES;
				CLANG_WARN_INT_CONVERSION = YES;
				CLANG_WARN_OBJC_ROOT_CLASS = YES_ERROR;
				CLANG_WARN_UNREACHABLE_CODE = YES;
				CLANG_WARN__DUPLICATE_METHOD_MATCH = YES;
				"CODE_SIGN_IDENTITY[sdk=iphoneos*]" = "iPhone Developer";
				COPY_PHASE_STRIP = NO;
				DEBUG_INFORMATION_FORMAT = "dwarf-with-dsym";
				ENABLE_NS_ASSERTIONS = NO;
				ENABLE_STRICT_OBJC_MSGSEND = YES;
				GCC_C_LANGUAGE_STANDARD = gnu99;
				GCC_NO_COMMON_BLOCKS = YES;
				GCC_WARN_64_TO_32_BIT_CONVERSION = YES;
				GCC_WARN_ABOUT_RETURN_TYPE = YES_ERROR;
				GCC_WARN_UNDECLARED_SELECTOR = YES;
				GCC_WARN_UNINITIALIZED_AUTOS = YES_AGGRESSIVE;
				GCC_WARN_UNUSED_FUNCTION = YES;
				GCC_WARN_UNUSED_VARIABLE = YES;
				IPHONEOS_DEPLOYMENT_TARGET = 8.4;
				MTL_ENABLE_DEBUG_INFO = NO;
				SDKROOT = iphoneos;
				TARGETED_DEVICE_FAMILY = "1,2";
				VALIDATE_PRODUCT = YES;
			};
			name = Release;
		};
		8D05377C1B86687C00588318 /* Debug */ = {
			isa = XCBuildConfiguration;
			buildSettings = {
				ASSETCATALOG_COMPILER_APPICON_NAME = AppIcon;
				INFOPLIST_FILE = Time/Info.plist;
				IPHONEOS_DEPLOYMENT_TARGET = 8.3;
				LD_RUNPATH_SEARCH_PATHS = "$(inherited) @executable_path/Frameworks";
				PRODUCT_NAME = "$(TARGET_NAME)";
			};
			name = Debug;
		};
		8D05377D1B86687C00588318 /* Release */ = {
			isa = XCBuildConfiguration;
			buildSettings = {
				ASSETCATALOG_COMPILER_APPICON_NAME = AppIcon;
				INFOPLIST_FILE = Time/Info.plist;
				IPHONEOS_DEPLOYMENT_TARGET = 8.3;
				LD_RUNPATH_SEARCH_PATHS = "$(inherited) @executable_path/Frameworks";
				PRODUCT_NAME = "$(TARGET_NAME)";
			};
			name = Release;
		};
		8D05377F1B86687C00588318 /* Debug */ = {
			isa = XCBuildConfiguration;
			buildSettings = {
				BUNDLE_LOADER = "$(TEST_HOST)";
				FRAMEWORK_SEARCH_PATHS = (
					"$(SDKROOT)/Developer/Library/Frameworks",
					"$(inherited)",
				);
				GCC_PREPROCESSOR_DEFINITIONS = (
					"DEBUG=1",
					"$(inherited)",
				);
				INFOPLIST_FILE = TimeTests/Info.plist;
				LD_RUNPATH_SEARCH_PATHS = "$(inherited) @executable_path/Frameworks @loader_path/Frameworks";
				PRODUCT_NAME = "$(TARGET_NAME)";
				TEST_HOST = "$(BUILT_PRODUCTS_DIR)/Time.app/Time";
			};
			name = Debug;
		};
		8D0537801B86687C00588318 /* Release */ = {
			isa = XCBuildConfiguration;
			buildSettings = {
				BUNDLE_LOADER = "$(TEST_HOST)";
				FRAMEWORK_SEARCH_PATHS = (
					"$(SDKROOT)/Developer/Library/Frameworks",
					"$(inherited)",
				);
				INFOPLIST_FILE = TimeTests/Info.plist;
				LD_RUNPATH_SEARCH_PATHS = "$(inherited) @executable_path/Frameworks @loader_path/Frameworks";
				PRODUCT_NAME = "$(TARGET_NAME)";
				TEST_HOST = "$(BUILT_PRODUCTS_DIR)/Time.app/Time";
			};
			name = Release;
		};
/* End XCBuildConfiguration section */

/* Begin XCConfigurationList section */
		8D0537531B86687B00588318 /* Build configuration list for PBXProject "Time" */ = {
			isa = XCConfigurationList;
			buildConfigurations = (
				8D0537791B86687C00588318 /* Debug */,
				8D05377A1B86687C00588318 /* Release */,
			);
			defaultConfigurationIsVisible = 0;
			defaultConfigurationName = Release;
		};
		8D05377B1B86687C00588318 /* Build configuration list for PBXNativeTarget "Time" */ = {
			isa = XCConfigurationList;
			buildConfigurations = (
				8D05377C1B86687C00588318 /* Debug */,
				8D05377D1B86687C00588318 /* Release */,
			);
			defaultConfigurationIsVisible = 0;
			defaultConfigurationName = Release;
		};
		8D05377E1B86687C00588318 /* Build configuration list for PBXNativeTarget "TimeTests" */ = {
			isa = XCConfigurationList;
			buildConfigurations = (
				8D05377F1B86687C00588318 /* Debug */,
				8D0537801B86687C00588318 /* Release */,
			);
			defaultConfigurationIsVisible = 0;
			defaultConfigurationName = Release;
		};
/* End XCConfigurationList section */
	};
	rootObject = 8D0537501B86687B00588318 /* Project object */;
}
