// !$*UTF8*$!
{
	archiveVersion = 1;
	classes = {
	};
	objectVersion = 46;
	objects = {

/* Begin PBXBuildFile section */
		BF5A03731B88C0AD00FDF71D /* main.m in Sources */ = {isa = PBXBuildFile; fileRef = BF5A03721B88C0AD00FDF71D /* main.m */; };
		BF5A03761B88C0AD00FDF71D /* AppDelegate.m in Sources */ = {isa = PBXBuildFile; fileRef = BF5A03751B88C0AD00FDF71D /* AppDelegate.m */; };
		BF5A037C1B88C0AD00FDF71D /* Main.storyboard in Resources */ = {isa = PBXBuildFile; fileRef = BF5A037A1B88C0AD00FDF71D /* Main.storyboard */; };
		BF5A037E1B88C0AD00FDF71D /* Images.xcassets in Resources */ = {isa = PBXBuildFile; fileRef = BF5A037D1B88C0AD00FDF71D /* Images.xcassets */; };
		BF5A03811B88C0AD00FDF71D /* LaunchScreen.xib in Resources */ = {isa = PBXBuildFile; fileRef = BF5A037F1B88C0AD00FDF71D /* LaunchScreen.xib */; };
		BF5A038D1B88C0AD00FDF71D /* TimerStopwatchTests.m in Sources */ = {isa = PBXBuildFile; fileRef = BF5A038C1B88C0AD00FDF71D /* TimerStopwatchTests.m */; };
		BF5A039E1B88CCD600FDF71D /* TimerViewController.m in Sources */ = {isa = PBXBuildFile; fileRef = BF5A039D1B88CCD600FDF71D /* TimerViewController.m */; };
		BF5A03A01B88D49400FDF71D /* QuartzCore.framework in Frameworks */ = {isa = PBXBuildFile; fileRef = BF5A039F1B88D49400FDF71D /* QuartzCore.framework */; };
/* End PBXBuildFile section */

/* Begin PBXContainerItemProxy section */
		BF5A03871B88C0AD00FDF71D /* PBXContainerItemProxy */ = {
			isa = PBXContainerItemProxy;
			containerPortal = BF5A03651B88C0AD00FDF71D /* Project object */;
			proxyType = 1;
			remoteGlobalIDString = BF5A036C1B88C0AD00FDF71D;
			remoteInfo = TimerStopwatch;
		};
/* End PBXContainerItemProxy section */

/* Begin PBXFileReference section */
		BF5A036D1B88C0AD00FDF71D /* TimerStopwatch.app */ = {isa = PBXFileReference; explicitFileType = wrapper.application; includeInIndex = 0; path = TimerStopwatch.app; sourceTree = BUILT_PRODUCTS_DIR; };
		BF5A03711B88C0AD00FDF71D /* Info.plist */ = {isa = PBXFileReference; lastKnownFileType = text.plist.xml; path = Info.plist; sourceTree = "<group>"; };
		BF5A03721B88C0AD00FDF71D /* main.m */ = {isa = PBXFileReference; lastKnownFileType = sourcecode.c.objc; path = main.m; sourceTree = "<group>"; };
		BF5A03741B88C0AD00FDF71D /* AppDelegate.h */ = {isa = PBXFileReference; lastKnownFileType = sourcecode.c.h; path = AppDelegate.h; sourceTree = "<group>"; };
		BF5A03751B88C0AD00FDF71D /* AppDelegate.m */ = {isa = PBXFileReference; lastKnownFileType = sourcecode.c.objc; path = AppDelegate.m; sourceTree = "<group>"; };
		BF5A037B1B88C0AD00FDF71D /* Base */ = {isa = PBXFileReference; lastKnownFileType = file.storyboard; name = Base; path = Base.lproj/Main.storyboard; sourceTree = "<group>"; };
		BF5A037D1B88C0AD00FDF71D /* Images.xcassets */ = {isa = PBXFileReference; lastKnownFileType = folder.assetcatalog; path = Images.xcassets; sourceTree = "<group>"; };
		BF5A03801B88C0AD00FDF71D /* Base */ = {isa = PBXFileReference; lastKnownFileType = file.xib; name = Base; path = Base.lproj/LaunchScreen.xib; sourceTree = "<group>"; };
		BF5A03861B88C0AD00FDF71D /* TimerStopwatchTests.xctest */ = {isa = PBXFileReference; explicitFileType = wrapper.cfbundle; includeInIndex = 0; path = TimerStopwatchTests.xctest; sourceTree = BUILT_PRODUCTS_DIR; };
		BF5A038B1B88C0AD00FDF71D /* Info.plist */ = {isa = PBXFileReference; lastKnownFileType = text.plist.xml; path = Info.plist; sourceTree = "<group>"; };
		BF5A038C1B88C0AD00FDF71D /* TimerStopwatchTests.m */ = {isa = PBXFileReference; lastKnownFileType = sourcecode.c.objc; path = TimerStopwatchTests.m; sourceTree = "<group>"; };
		BF5A039C1B88CCD600FDF71D /* TimerViewController.h */ = {isa = PBXFileReference; fileEncoding = 4; lastKnownFileType = sourcecode.c.h; path = TimerViewController.h; sourceTree = "<group>"; };
		BF5A039D1B88CCD600FDF71D /* TimerViewController.m */ = {isa = PBXFileReference; fileEncoding = 4; lastKnownFileType = sourcecode.c.objc; path = TimerViewController.m; sourceTree = "<group>"; };
		BF5A039F1B88D49400FDF71D /* QuartzCore.framework */ = {isa = PBXFileReference; lastKnownFileType = wrapper.framework; name = QuartzCore.framework; path = System/Library/Frameworks/QuartzCore.framework; sourceTree = SDKROOT; };
/* End PBXFileReference section */

/* Begin PBXFrameworksBuildPhase section */
		BF5A036A1B88C0AD00FDF71D /* Frameworks */ = {
			isa = PBXFrameworksBuildPhase;
			buildActionMask = 2147483647;
			files = (
				BF5A03A01B88D49400FDF71D /* QuartzCore.framework in Frameworks */,
			);
			runOnlyForDeploymentPostprocessing = 0;
		};
		BF5A03831B88C0AD00FDF71D /* Frameworks */ = {
			isa = PBXFrameworksBuildPhase;
			buildActionMask = 2147483647;
			files = (
			);
			runOnlyForDeploymentPostprocessing = 0;
		};
/* End PBXFrameworksBuildPhase section */

/* Begin PBXGroup section */
		BF5A03641B88C0AD00FDF71D = {
			isa = PBXGroup;
			children = (
				BF5A039F1B88D49400FDF71D /* QuartzCore.framework */,
				BF5A036F1B88C0AD00FDF71D /* TimerStopwatch */,
				BF5A03891B88C0AD00FDF71D /* TimerStopwatchTests */,
				BF5A036E1B88C0AD00FDF71D /* Products */,
			);
			sourceTree = "<group>";
		};
		BF5A036E1B88C0AD00FDF71D /* Products */ = {
			isa = PBXGroup;
			children = (
				BF5A036D1B88C0AD00FDF71D /* TimerStopwatch.app */,
				BF5A03861B88C0AD00FDF71D /* TimerStopwatchTests.xctest */,
			);
			name = Products;
			sourceTree = "<group>";
		};
		BF5A036F1B88C0AD00FDF71D /* TimerStopwatch */ = {
			isa = PBXGroup;
			children = (
				BF5A03741B88C0AD00FDF71D /* AppDelegate.h */,
				BF5A03751B88C0AD00FDF71D /* AppDelegate.m */,
				BF5A039C1B88CCD600FDF71D /* TimerViewController.h */,
				BF5A039D1B88CCD600FDF71D /* TimerViewController.m */,
				BF5A037A1B88C0AD00FDF71D /* Main.storyboard */,
				BF5A037D1B88C0AD00FDF71D /* Images.xcassets */,
				BF5A037F1B88C0AD00FDF71D /* LaunchScreen.xib */,
				BF5A03701B88C0AD00FDF71D /* Supporting Files */,
			);
			path = TimerStopwatch;
			sourceTree = "<group>";
		};
		BF5A03701B88C0AD00FDF71D /* Supporting Files */ = {
			isa = PBXGroup;
			children = (
				BF5A03711B88C0AD00FDF71D /* Info.plist */,
				BF5A03721B88C0AD00FDF71D /* main.m */,
			);
			name = "Supporting Files";
			sourceTree = "<group>";
		};
		BF5A03891B88C0AD00FDF71D /* TimerStopwatchTests */ = {
			isa = PBXGroup;
			children = (
				BF5A038C1B88C0AD00FDF71D /* TimerStopwatchTests.m */,
				BF5A038A1B88C0AD00FDF71D /* Supporting Files */,
			);
			path = TimerStopwatchTests;
			sourceTree = "<group>";
		};
		BF5A038A1B88C0AD00FDF71D /* Supporting Files */ = {
			isa = PBXGroup;
			children = (
				BF5A038B1B88C0AD00FDF71D /* Info.plist */,
			);
			name = "Supporting Files";
			sourceTree = "<group>";
		};
/* End PBXGroup section */

/* Begin PBXNativeTarget section */
		BF5A036C1B88C0AD00FDF71D /* TimerStopwatch */ = {
			isa = PBXNativeTarget;
			buildConfigurationList = BF5A03901B88C0AD00FDF71D /* Build configuration list for PBXNativeTarget "TimerStopwatch" */;
			buildPhases = (
				BF5A03691B88C0AD00FDF71D /* Sources */,
				BF5A036A1B88C0AD00FDF71D /* Frameworks */,
				BF5A036B1B88C0AD00FDF71D /* Resources */,
			);
			buildRules = (
			);
			dependencies = (
			);
			name = TimerStopwatch;
			productName = TimerStopwatch;
			productReference = BF5A036D1B88C0AD00FDF71D /* TimerStopwatch.app */;
			productType = "com.apple.product-type.application";
		};
		BF5A03851B88C0AD00FDF71D /* TimerStopwatchTests */ = {
			isa = PBXNativeTarget;
			buildConfigurationList = BF5A03931B88C0AD00FDF71D /* Build configuration list for PBXNativeTarget "TimerStopwatchTests" */;
			buildPhases = (
				BF5A03821B88C0AD00FDF71D /* Sources */,
				BF5A03831B88C0AD00FDF71D /* Frameworks */,
				BF5A03841B88C0AD00FDF71D /* Resources */,
			);
			buildRules = (
			);
			dependencies = (
				BF5A03881B88C0AD00FDF71D /* PBXTargetDependency */,
			);
			name = TimerStopwatchTests;
			productName = TimerStopwatchTests;
			productReference = BF5A03861B88C0AD00FDF71D /* TimerStopwatchTests.xctest */;
			productType = "com.apple.product-type.bundle.unit-test";
		};
/* End PBXNativeTarget section */

/* Begin PBXProject section */
		BF5A03651B88C0AD00FDF71D /* Project object */ = {
			isa = PBXProject;
			attributes = {
				LastUpgradeCheck = 0640;
				ORGANIZATIONNAME = "Charles Kang ";
				TargetAttributes = {
					BF5A036C1B88C0AD00FDF71D = {
						CreatedOnToolsVersion = 6.4;
					};
					BF5A03851B88C0AD00FDF71D = {
						CreatedOnToolsVersion = 6.4;
						TestTargetID = BF5A036C1B88C0AD00FDF71D;
					};
				};
			};
			buildConfigurationList = BF5A03681B88C0AD00FDF71D /* Build configuration list for PBXProject "TimerStopwatch" */;
			compatibilityVersion = "Xcode 3.2";
			developmentRegion = English;
			hasScannedForEncodings = 0;
			knownRegions = (
				en,
				Base,
			);
			mainGroup = BF5A03641B88C0AD00FDF71D;
			productRefGroup = BF5A036E1B88C0AD00FDF71D /* Products */;
			projectDirPath = "";
			projectRoot = "";
			targets = (
				BF5A036C1B88C0AD00FDF71D /* TimerStopwatch */,
				BF5A03851B88C0AD00FDF71D /* TimerStopwatchTests */,
			);
		};
/* End PBXProject section */

/* Begin PBXResourcesBuildPhase section */
		BF5A036B1B88C0AD00FDF71D /* Resources */ = {
			isa = PBXResourcesBuildPhase;
			buildActionMask = 2147483647;
			files = (
				BF5A037C1B88C0AD00FDF71D /* Main.storyboard in Resources */,
				BF5A03811B88C0AD00FDF71D /* LaunchScreen.xib in Resources */,
				BF5A037E1B88C0AD00FDF71D /* Images.xcassets in Resources */,
			);
			runOnlyForDeploymentPostprocessing = 0;
		};
		BF5A03841B88C0AD00FDF71D /* Resources */ = {
			isa = PBXResourcesBuildPhase;
			buildActionMask = 2147483647;
			files = (
			);
			runOnlyForDeploymentPostprocessing = 0;
		};
/* End PBXResourcesBuildPhase section */

/* Begin PBXSourcesBuildPhase section */
		BF5A03691B88C0AD00FDF71D /* Sources */ = {
			isa = PBXSourcesBuildPhase;
			buildActionMask = 2147483647;
			files = (
				BF5A039E1B88CCD600FDF71D /* TimerViewController.m in Sources */,
				BF5A03761B88C0AD00FDF71D /* AppDelegate.m in Sources */,
				BF5A03731B88C0AD00FDF71D /* main.m in Sources */,
			);
			runOnlyForDeploymentPostprocessing = 0;
		};
		BF5A03821B88C0AD00FDF71D /* Sources */ = {
			isa = PBXSourcesBuildPhase;
			buildActionMask = 2147483647;
			files = (
				BF5A038D1B88C0AD00FDF71D /* TimerStopwatchTests.m in Sources */,
			);
			runOnlyForDeploymentPostprocessing = 0;
		};
/* End PBXSourcesBuildPhase section */

/* Begin PBXTargetDependency section */
		BF5A03881B88C0AD00FDF71D /* PBXTargetDependency */ = {
			isa = PBXTargetDependency;
			target = BF5A036C1B88C0AD00FDF71D /* TimerStopwatch */;
			targetProxy = BF5A03871B88C0AD00FDF71D /* PBXContainerItemProxy */;
		};
/* End PBXTargetDependency section */

/* Begin PBXVariantGroup section */
		BF5A037A1B88C0AD00FDF71D /* Main.storyboard */ = {
			isa = PBXVariantGroup;
			children = (
				BF5A037B1B88C0AD00FDF71D /* Base */,
			);
			name = Main.storyboard;
			sourceTree = "<group>";
		};
		BF5A037F1B88C0AD00FDF71D /* LaunchScreen.xib */ = {
			isa = PBXVariantGroup;
			children = (
				BF5A03801B88C0AD00FDF71D /* Base */,
			);
			name = LaunchScreen.xib;
			sourceTree = "<group>";
		};
/* End PBXVariantGroup section */

/* Begin XCBuildConfiguration section */
		BF5A038E1B88C0AD00FDF71D /* Debug */ = {
			isa = XCBuildConfiguration;
			buildSettings = {
				ALWAYS_SEARCH_USER_PATHS = NO;
				CLANG_CXX_LANGUAGE_STANDARD = "gnu++0x";
				CLANG_CXX_LIBRARY = "libc++";
				CLANG_ENABLE_MODULES = YES;
				CLANG_ENABLE_OBJC_ARC = YES;
				CLANG_WARN_BOOL_CONVERSION = YES;
				CLANG_WARN_CONSTANT_CONVERSION = YES;
				CLANG_WARN_DIRECT_OBJC_ISA_USAGE = YES_ERROR;
				CLANG_WARN_EMPTY_BODY = YES;
				CLANG_WARN_ENUM_CONVERSION = YES;
				CLANG_WARN_INT_CONVERSION = YES;
				CLANG_WARN_OBJC_ROOT_CLASS = YES_ERROR;
				CLANG_WARN_UNREACHABLE_CODE = YES;
				CLANG_WARN__DUPLICATE_METHOD_MATCH = YES;
				"CODE_SIGN_IDENTITY[sdk=iphoneos*]" = "iPhone Developer";
				COPY_PHASE_STRIP = NO;
				DEBUG_INFORMATION_FORMAT = "dwarf-with-dsym";
				ENABLE_STRICT_OBJC_MSGSEND = YES;
				GCC_C_LANGUAGE_STANDARD = gnu99;
				GCC_DYNAMIC_NO_PIC = NO;
				GCC_NO_COMMON_BLOCKS = YES;
				GCC_OPTIMIZATION_LEVEL = 0;
				GCC_PREPROCESSOR_DEFINITIONS = (
					"DEBUG=1",
					"$(inherited)",
				);
				GCC_SYMBOLS_PRIVATE_EXTERN = NO;
				GCC_WARN_64_TO_32_BIT_CONVERSION = YES;
				GCC_WARN_ABOUT_RETURN_TYPE = YES_ERROR;
				GCC_WARN_UNDECLARED_SELECTOR = YES;
				GCC_WARN_UNINITIALIZED_AUTOS = YES_AGGRESSIVE;
				GCC_WARN_UNUSED_FUNCTION = YES;
				GCC_WARN_UNUSED_VARIABLE = YES;
				IPHONEOS_DEPLOYMENT_TARGET = 8.4;
				MTL_ENABLE_DEBUG_INFO = YES;
				ONLY_ACTIVE_ARCH = YES;
				SDKROOT = iphoneos;
				TARGETED_DEVICE_FAMILY = "1,2";
			};
			name = Debug;
		};
		BF5A038F1B88C0AD00FDF71D /* Release */ = {
			isa = XCBuildConfiguration;
			buildSettings = {
				ALWAYS_SEARCH_USER_PATHS = NO;
				CLANG_CXX_LANGUAGE_STANDARD = "gnu++0x";
				CLANG_CXX_LIBRARY = "libc++";
				CLANG_ENABLE_MODULES = YES;
				CLANG_ENABLE_OBJC_ARC = YES;
				CLANG_WARN_BOOL_CONVERSION = YES;
				CLANG_WARN_CONSTANT_CONVERSION = YES;
				CLANG_WARN_DIRECT_OBJC_ISA_USAGE = YES_ERROR;
				CLANG_WARN_EMPTY_BODY = YES;
				CLANG_WARN_ENUM_CONVERSION = YES;
				CLANG_WARN_INT_CONVERSION = YES;
				CLANG_WARN_OBJC_ROOT_CLASS = YES_ERROR;
				CLANG_WARN_UNREACHABLE_CODE = YES;
				CLANG_WARN__DUPLICATE_METHOD_MATCH = YES;
				"CODE_SIGN_IDENTITY[sdk=iphoneos*]" = "iPhone Developer";
				COPY_PHASE_STRIP = NO;
				DEBUG_INFORMATION_FORMAT = "dwarf-with-dsym";
				ENABLE_NS_ASSERTIONS = NO;
				ENABLE_STRICT_OBJC_MSGSEND = YES;
				GCC_C_LANGUAGE_STANDARD = gnu99;
				GCC_NO_COMMON_BLOCKS = YES;
				GCC_WARN_64_TO_32_BIT_CONVERSION = YES;
				GCC_WARN_ABOUT_RETURN_TYPE = YES_ERROR;
				GCC_WARN_UNDECLARED_SELECTOR = YES;
				GCC_WARN_UNINITIALIZED_AUTOS = YES_AGGRESSIVE;
				GCC_WARN_UNUSED_FUNCTION = YES;
				GCC_WARN_UNUSED_VARIABLE = YES;
				IPHONEOS_DEPLOYMENT_TARGET = 8.4;
				MTL_ENABLE_DEBUG_INFO = NO;
				SDKROOT = iphoneos;
				TARGETED_DEVICE_FAMILY = "1,2";
				VALIDATE_PRODUCT = YES;
			};
			name = Release;
		};
		BF5A03911B88C0AD00FDF71D /* Debug */ = {
			isa = XCBuildConfiguration;
			buildSettings = {
				ASSETCATALOG_COMPILER_APPICON_NAME = AppIcon;
				INFOPLIST_FILE = TimerStopwatch/Info.plist;
				LD_RUNPATH_SEARCH_PATHS = "$(inherited) @executable_path/Frameworks";
				PRODUCT_NAME = "$(TARGET_NAME)";
			};
			name = Debug;
		};
		BF5A03921B88C0AD00FDF71D /* Release */ = {
			isa = XCBuildConfiguration;
			buildSettings = {
				ASSETCATALOG_COMPILER_APPICON_NAME = AppIcon;
				INFOPLIST_FILE = TimerStopwatch/Info.plist;
				LD_RUNPATH_SEARCH_PATHS = "$(inherited) @executable_path/Frameworks";
				PRODUCT_NAME = "$(TARGET_NAME)";
			};
			name = Release;
		};
		BF5A03941B88C0AD00FDF71D /* Debug */ = {
			isa = XCBuildConfiguration;
			buildSettings = {
				BUNDLE_LOADER = "$(TEST_HOST)";
				FRAMEWORK_SEARCH_PATHS = (
					"$(SDKROOT)/Developer/Library/Frameworks",
					"$(inherited)",
				);
				GCC_PREPROCESSOR_DEFINITIONS = (
					"DEBUG=1",
					"$(inherited)",
				);
				INFOPLIST_FILE = TimerStopwatchTests/Info.plist;
				LD_RUNPATH_SEARCH_PATHS = "$(inherited) @executable_path/Frameworks @loader_path/Frameworks";
				PRODUCT_NAME = "$(TARGET_NAME)";
				TEST_HOST = "$(BUILT_PRODUCTS_DIR)/TimerStopwatch.app/TimerStopwatch";
			};
			name = Debug;
		};
		BF5A03951B88C0AD00FDF71D /* Release */ = {
			isa = XCBuildConfiguration;
			buildSettings = {
				BUNDLE_LOADER = "$(TEST_HOST)";
				FRAMEWORK_SEARCH_PATHS = (
					"$(SDKROOT)/Developer/Library/Frameworks",
					"$(inherited)",
				);
				INFOPLIST_FILE = TimerStopwatchTests/Info.plist;
				LD_RUNPATH_SEARCH_PATHS = "$(inherited) @executable_path/Frameworks @loader_path/Frameworks";
				PRODUCT_NAME = "$(TARGET_NAME)";
				TEST_HOST = "$(BUILT_PRODUCTS_DIR)/TimerStopwatch.app/TimerStopwatch";
			};
			name = Release;
		};
/* End XCBuildConfiguration section */

/* Begin XCConfigurationList section */
		BF5A03681B88C0AD00FDF71D /* Build configuration list for PBXProject "TimerStopwatch" */ = {
			isa = XCConfigurationList;
			buildConfigurations = (
				BF5A038E1B88C0AD00FDF71D /* Debug */,
				BF5A038F1B88C0AD00FDF71D /* Release */,
			);
			defaultConfigurationIsVisible = 0;
			defaultConfigurationName = Release;
		};
		BF5A03901B88C0AD00FDF71D /* Build configuration list for PBXNativeTarget "TimerStopwatch" */ = {
			isa = XCConfigurationList;
			buildConfigurations = (
				BF5A03911B88C0AD00FDF71D /* Debug */,
				BF5A03921B88C0AD00FDF71D /* Release */,
			);
			defaultConfigurationIsVisible = 0;
		};
		BF5A03931B88C0AD00FDF71D /* Build configuration list for PBXNativeTarget "TimerStopwatchTests" */ = {
			isa = XCConfigurationList;
			buildConfigurations = (
				BF5A03941B88C0AD00FDF71D /* Debug */,
				BF5A03951B88C0AD00FDF71D /* Release */,
			);
			defaultConfigurationIsVisible = 0;
		};
/* End XCConfigurationList section */
	};
	rootObject = BF5A03651B88C0AD00FDF71D /* Project object */;
}
