// !$*UTF8*$!
{
	archiveVersion = 1;
	classes = {
	};
	objectVersion = 46;
	objects = {

/* Begin PBXBuildFile section */
		3D2883391B8A716800DE02B8 /* LapTimerTableViewCell.m in Sources */ = {isa = PBXBuildFile; fileRef = 3D2883381B8A716800DE02B8 /* LapTimerTableViewCell.m */; };
		3D28833C1B8B49F100DE02B8 /* GOCalendarViewController.m in Sources */ = {isa = PBXBuildFile; fileRef = 3D28833B1B8B49F100DE02B8 /* GOCalendarViewController.m */; };
		3D28833F1B8B4DC700DE02B8 /* GOCalendarTableViewController.m in Sources */ = {isa = PBXBuildFile; fileRef = 3D28833E1B8B4DC700DE02B8 /* GOCalendarTableViewController.m */; };
		3D28835B1B8CBFC200DE02B8 /* GOCalendarResults.m in Sources */ = {isa = PBXBuildFile; fileRef = 3D28835A1B8CBFC200DE02B8 /* GOCalendarResults.m */; };
		3D28835E1B8D268F00DE02B8 /* Main.storyboard in Resources */ = {isa = PBXBuildFile; fileRef = 3D28835C1B8D268F00DE02B8 /* Main.storyboard */; };
		3D29C62C1B8E009F004E33EF /* BackgroundGradient.m in Sources */ = {isa = PBXBuildFile; fileRef = 3D29C62B1B8E009F004E33EF /* BackgroundGradient.m */; };
		3D29C62F1B8E154A004E33EF /* GOCustomQuestionViewController.m in Sources */ = {isa = PBXBuildFile; fileRef = 3D29C62E1B8E154A004E33EF /* GOCustomQuestionViewController.m */; };
		3D2D2F011B86B5A300E210BA /* main.m in Sources */ = {isa = PBXBuildFile; fileRef = 3D2D2F001B86B5A300E210BA /* main.m */; };
		3D2D2F041B86B5A300E210BA /* AppDelegate.m in Sources */ = {isa = PBXBuildFile; fileRef = 3D2D2F031B86B5A300E210BA /* AppDelegate.m */; };
		3D2D2F0C1B86B5A300E210BA /* Assets.xcassets in Resources */ = {isa = PBXBuildFile; fileRef = 3D2D2F0B1B86B5A300E210BA /* Assets.xcassets */; };
		3D2D2F0F1B86B5A300E210BA /* LaunchScreen.storyboard in Resources */ = {isa = PBXBuildFile; fileRef = 3D2D2F0D1B86B5A300E210BA /* LaunchScreen.storyboard */; };
		3D2D2F1A1B86B5A400E210BA /* unit_1_final_projectTests.m in Sources */ = {isa = PBXBuildFile; fileRef = 3D2D2F191B86B5A400E210BA /* unit_1_final_projectTests.m */; };
		3D2D2F251B86B5A400E210BA /* unit_1_final_projectUITests.m in Sources */ = {isa = PBXBuildFile; fileRef = 3D2D2F241B86B5A400E210BA /* unit_1_final_projectUITests.m */; };
		3D67F60F1B8D43C4008B5E6A /* bell.mp3 in Resources */ = {isa = PBXBuildFile; fileRef = 3D67F60D1B8D43C4008B5E6A /* bell.mp3 */; };
		3D67F6101B8D43C4008B5E6A /* buzzer.mp3 in Resources */ = {isa = PBXBuildFile; fileRef = 3D67F60E1B8D43C4008B5E6A /* buzzer.mp3 */; };
		3D67F6161B8D89E2008B5E6A /* GOCustomWorkoutTableViewController.m in Sources */ = {isa = PBXBuildFile; fileRef = 3D67F6151B8D89E2008B5E6A /* GOCustomWorkoutTableViewController.m */; };
		3D67F6191B8D89FB008B5E6A /* GOCustomResultsViewController.m in Sources */ = {isa = PBXBuildFile; fileRef = 3D67F6181B8D89FB008B5E6A /* GOCustomResultsViewController.m */; };
		3DDB60C11B893332008194DB /* WorkoutManager.m in Sources */ = {isa = PBXBuildFile; fileRef = 3DDB60C01B893332008194DB /* WorkoutManager.m */; };
		3DDB60C41B893413008194DB /* Workout.m in Sources */ = {isa = PBXBuildFile; fileRef = 3DDB60C31B893413008194DB /* Workout.m */; };
		3DDB60C71B893477008194DB /* Exercises.m in Sources */ = {isa = PBXBuildFile; fileRef = 3DDB60C61B893477008194DB /* Exercises.m */; };
		3DE05A0A1B8E4C8C007A66FB /* ExerciseTableViewCell.m in Sources */ = {isa = PBXBuildFile; fileRef = 3DE05A091B8E4C8C007A66FB /* ExerciseTableViewCell.m */; };
		9A553E271B8CFC0700A0230B /* GOFightViewController.m in Sources */ = {isa = PBXBuildFile; fileRef = 9A553E261B8CFC0700A0230B /* GOFightViewController.m */; };
		9A14C4B51B9236C900212C5B /* digital.ttf in Resources */ = {isa = PBXBuildFile; fileRef = 9A14C4B31B92338900212C5B /* digital.ttf */; };
		9A14C4B71B92496500212C5B /* bell.mp3 in Resources */ = {isa = PBXBuildFile; fileRef = 9A14C4B61B92496500212C5B /* bell.mp3 */; };
		9A553E271B8CFC0700A0230B /* GOFightViewController.m in Sources */ = {isa = PBXBuildFile; fileRef = 9A553E261B8CFC0700A0230B /* GOFightViewController.m */; };
		9A553E331B8D0D4700A0230B /* buzzer.mp3 in Resources */ = {isa = PBXBuildFile; fileRef = 9A553E311B8D0D4700A0230B /* buzzer.mp3 */; };
		9A553E351B8D101B00A0230B /* AVFoundation.framework in Frameworks */ = {isa = PBXBuildFile; fileRef = 9A553E341B8D101B00A0230B /* AVFoundation.framework */; };
		9A7EC3D01B90DE6600D0CFB9 /* GOBuildTableViewController.m in Sources */ = {isa = PBXBuildFile; fileRef = 9A7EC3CF1B90DE6600D0CFB9 /* GOBuildTableViewController.m */; };
		9A7EC3D31B90E3E400D0CFB9 /* BuildManager.m in Sources */ = {isa = PBXBuildFile; fileRef = 9A7EC3D21B90E3E400D0CFB9 /* BuildManager.m */; };
		9A7EC3D61B90E46600D0CFB9 /* BuildWorkout.m in Sources */ = {isa = PBXBuildFile; fileRef = 9A7EC3D51B90E46600D0CFB9 /* BuildWorkout.m */; };
		9A7EC3D91B90E4F600D0CFB9 /* CustomTableViewCell.m in Sources */ = {isa = PBXBuildFile; fileRef = 9A7EC3D81B90E4F600D0CFB9 /* CustomTableViewCell.m */; };
		9A7EC3DC1B90E65B00D0CFB9 /* CreateWorkoutViewController.m in Sources */ = {isa = PBXBuildFile; fileRef = 9A7EC3DB1B90E65B00D0CFB9 /* CreateWorkoutViewController.m */; };
		9A8CD52B1B87900000A194D9 /* GOStopwatchViewController.m in Sources */ = {isa = PBXBuildFile; fileRef = 9A8CD52A1B87900000A194D9 /* GOStopwatchViewController.m */; };
		9ACCFF3D1B8B991000F1693C /* GOWorkoutsTableViewController.m in Sources */ = {isa = PBXBuildFile; fileRef = 9ACCFF3C1B8B991000F1693C /* GOWorkoutsTableViewController.m */; };
		9AD5F5781B8A27B3004F25D6 /* GOTimerViewController.m in Sources */ = {isa = PBXBuildFile; fileRef = 9AD5F5771B8A27B3004F25D6 /* GOTimerViewController.m */; };
		9ADCAB681B8D7B4A009E6FF0 /* NikeTotal90.ttf in Resources */ = {isa = PBXBuildFile; fileRef = 9ADCAB671B8D7AC2009E6FF0 /* NikeTotal90.ttf */; };
/* End PBXBuildFile section */

/* Begin PBXContainerItemProxy section */
		3D2D2F161B86B5A300E210BA /* PBXContainerItemProxy */ = {
			isa = PBXContainerItemProxy;
			containerPortal = 3D2D2EF41B86B5A300E210BA /* Project object */;
			proxyType = 1;
			remoteGlobalIDString = 3D2D2EFB1B86B5A300E210BA;
			remoteInfo = "unit-1-final-project";
		};
		3D2D2F211B86B5A400E210BA /* PBXContainerItemProxy */ = {
			isa = PBXContainerItemProxy;
			containerPortal = 3D2D2EF41B86B5A300E210BA /* Project object */;
			proxyType = 1;
			remoteGlobalIDString = 3D2D2EFB1B86B5A300E210BA;
			remoteInfo = "unit-1-final-project";
		};
/* End PBXContainerItemProxy section */

/* Begin PBXFileReference section */
		3D2883371B8A716800DE02B8 /* LapTimerTableViewCell.h */ = {isa = PBXFileReference; fileEncoding = 4; lastKnownFileType = sourcecode.c.h; path = LapTimerTableViewCell.h; sourceTree = "<group>"; };
		3D2883381B8A716800DE02B8 /* LapTimerTableViewCell.m */ = {isa = PBXFileReference; fileEncoding = 4; lastKnownFileType = sourcecode.c.objc; path = LapTimerTableViewCell.m; sourceTree = "<group>"; };
		3D28833A1B8B49F100DE02B8 /* GOCalendarViewController.h */ = {isa = PBXFileReference; fileEncoding = 4; lastKnownFileType = sourcecode.c.h; path = GOCalendarViewController.h; sourceTree = "<group>"; };
		3D28833B1B8B49F100DE02B8 /* GOCalendarViewController.m */ = {isa = PBXFileReference; fileEncoding = 4; lastKnownFileType = sourcecode.c.objc; path = GOCalendarViewController.m; sourceTree = "<group>"; };
		3D28833D1B8B4DC700DE02B8 /* GOCalendarTableViewController.h */ = {isa = PBXFileReference; fileEncoding = 4; lastKnownFileType = sourcecode.c.h; path = GOCalendarTableViewController.h; sourceTree = "<group>"; };
		3D28833E1B8B4DC700DE02B8 /* GOCalendarTableViewController.m */ = {isa = PBXFileReference; fileEncoding = 4; lastKnownFileType = sourcecode.c.objc; path = GOCalendarTableViewController.m; sourceTree = "<group>"; };
		3D2883591B8CBFC200DE02B8 /* GOCalendarResults.h */ = {isa = PBXFileReference; fileEncoding = 4; lastKnownFileType = sourcecode.c.h; path = GOCalendarResults.h; sourceTree = "<group>"; };
		3D28835A1B8CBFC200DE02B8 /* GOCalendarResults.m */ = {isa = PBXFileReference; fileEncoding = 4; lastKnownFileType = sourcecode.c.objc; path = GOCalendarResults.m; sourceTree = "<group>"; };
		3D28835D1B8D268F00DE02B8 /* Base */ = {isa = PBXFileReference; lastKnownFileType = file.storyboard; name = Base; path = Base.lproj/Main.storyboard; sourceTree = "<group>"; };
		3D29C62A1B8E009F004E33EF /* BackgroundGradient.h */ = {isa = PBXFileReference; fileEncoding = 4; lastKnownFileType = sourcecode.c.h; path = BackgroundGradient.h; sourceTree = "<group>"; };
		3D29C62B1B8E009F004E33EF /* BackgroundGradient.m */ = {isa = PBXFileReference; fileEncoding = 4; lastKnownFileType = sourcecode.c.objc; path = BackgroundGradient.m; sourceTree = "<group>"; };
		3D29C62D1B8E154A004E33EF /* GOCustomQuestionViewController.h */ = {isa = PBXFileReference; fileEncoding = 4; lastKnownFileType = sourcecode.c.h; path = GOCustomQuestionViewController.h; sourceTree = "<group>"; };
		3D29C62E1B8E154A004E33EF /* GOCustomQuestionViewController.m */ = {isa = PBXFileReference; fileEncoding = 4; lastKnownFileType = sourcecode.c.objc; path = GOCustomQuestionViewController.m; sourceTree = "<group>"; };
		3D2D2EFC1B86B5A300E210BA /* unit-1-final-project.app */ = {isa = PBXFileReference; explicitFileType = wrapper.application; includeInIndex = 0; path = "unit-1-final-project.app"; sourceTree = BUILT_PRODUCTS_DIR; };
		3D2D2F001B86B5A300E210BA /* main.m */ = {isa = PBXFileReference; lastKnownFileType = sourcecode.c.objc; path = main.m; sourceTree = "<group>"; };
		3D2D2F021B86B5A300E210BA /* AppDelegate.h */ = {isa = PBXFileReference; lastKnownFileType = sourcecode.c.h; path = AppDelegate.h; sourceTree = "<group>"; };
		3D2D2F031B86B5A300E210BA /* AppDelegate.m */ = {isa = PBXFileReference; lastKnownFileType = sourcecode.c.objc; path = AppDelegate.m; sourceTree = "<group>"; };
		3D2D2F0B1B86B5A300E210BA /* Assets.xcassets */ = {isa = PBXFileReference; lastKnownFileType = folder.assetcatalog; path = Assets.xcassets; sourceTree = "<group>"; };
		3D2D2F0E1B86B5A300E210BA /* Base */ = {isa = PBXFileReference; lastKnownFileType = file.storyboard; name = Base; path = Base.lproj/LaunchScreen.storyboard; sourceTree = "<group>"; };
		3D2D2F101B86B5A300E210BA /* Info.plist */ = {isa = PBXFileReference; lastKnownFileType = text.plist.xml; path = Info.plist; sourceTree = "<group>"; };
		3D2D2F151B86B5A300E210BA /* unit-1-final-projectTests.xctest */ = {isa = PBXFileReference; explicitFileType = wrapper.cfbundle; includeInIndex = 0; path = "unit-1-final-projectTests.xctest"; sourceTree = BUILT_PRODUCTS_DIR; };
		3D2D2F191B86B5A400E210BA /* unit_1_final_projectTests.m */ = {isa = PBXFileReference; lastKnownFileType = sourcecode.c.objc; path = unit_1_final_projectTests.m; sourceTree = "<group>"; };
		3D2D2F1B1B86B5A400E210BA /* Info.plist */ = {isa = PBXFileReference; lastKnownFileType = text.plist.xml; path = Info.plist; sourceTree = "<group>"; };
		3D2D2F201B86B5A400E210BA /* unit-1-final-projectUITests.xctest */ = {isa = PBXFileReference; explicitFileType = wrapper.cfbundle; includeInIndex = 0; path = "unit-1-final-projectUITests.xctest"; sourceTree = BUILT_PRODUCTS_DIR; };
		3D2D2F241B86B5A400E210BA /* unit_1_final_projectUITests.m */ = {isa = PBXFileReference; lastKnownFileType = sourcecode.c.objc; path = unit_1_final_projectUITests.m; sourceTree = "<group>"; };
		3D2D2F261B86B5A400E210BA /* Info.plist */ = {isa = PBXFileReference; lastKnownFileType = text.plist.xml; path = Info.plist; sourceTree = "<group>"; };
		3D67F60C1B8D4311008B5E6A /* NikeTotal90.ttf */ = {isa = PBXFileReference; lastKnownFileType = file; name = NikeTotal90.ttf; path = ../../../Downloads/NikeTotal90.ttf; sourceTree = "<group>"; };
		3D67F60D1B8D43C4008B5E6A /* bell.mp3 */ = {isa = PBXFileReference; lastKnownFileType = audio.mp3; name = bell.mp3; path = ../../../Downloads/bell.mp3; sourceTree = "<group>"; };
		3D67F60E1B8D43C4008B5E6A /* buzzer.mp3 */ = {isa = PBXFileReference; lastKnownFileType = audio.mp3; name = buzzer.mp3; path = ../../../Downloads/buzzer.mp3; sourceTree = "<group>"; };
		3D67F6141B8D89E2008B5E6A /* GOCustomWorkoutTableViewController.h */ = {isa = PBXFileReference; fileEncoding = 4; lastKnownFileType = sourcecode.c.h; path = GOCustomWorkoutTableViewController.h; sourceTree = "<group>"; };
		3D67F6151B8D89E2008B5E6A /* GOCustomWorkoutTableViewController.m */ = {isa = PBXFileReference; fileEncoding = 4; lastKnownFileType = sourcecode.c.objc; path = GOCustomWorkoutTableViewController.m; sourceTree = "<group>"; };
		3D67F6171B8D89FB008B5E6A /* GOCustomResultsViewController.h */ = {isa = PBXFileReference; fileEncoding = 4; lastKnownFileType = sourcecode.c.h; path = GOCustomResultsViewController.h; sourceTree = "<group>"; };
		3D67F6181B8D89FB008B5E6A /* GOCustomResultsViewController.m */ = {isa = PBXFileReference; fileEncoding = 4; lastKnownFileType = sourcecode.c.objc; path = GOCustomResultsViewController.m; sourceTree = "<group>"; };
		3DDB60BF1B893332008194DB /* WorkoutManager.h */ = {isa = PBXFileReference; fileEncoding = 4; lastKnownFileType = sourcecode.c.h; path = WorkoutManager.h; sourceTree = "<group>"; };
		3DDB60C01B893332008194DB /* WorkoutManager.m */ = {isa = PBXFileReference; fileEncoding = 4; lastKnownFileType = sourcecode.c.objc; path = WorkoutManager.m; sourceTree = "<group>"; };
		3DDB60C21B893413008194DB /* Workout.h */ = {isa = PBXFileReference; fileEncoding = 4; lastKnownFileType = sourcecode.c.h; path = Workout.h; sourceTree = "<group>"; };
		3DDB60C31B893413008194DB /* Workout.m */ = {isa = PBXFileReference; fileEncoding = 4; lastKnownFileType = sourcecode.c.objc; path = Workout.m; sourceTree = "<group>"; };
		3DDB60C51B893477008194DB /* Exercises.h */ = {isa = PBXFileReference; fileEncoding = 4; lastKnownFileType = sourcecode.c.h; path = Exercises.h; sourceTree = "<group>"; };
		3DDB60C61B893477008194DB /* Exercises.m */ = {isa = PBXFileReference; fileEncoding = 4; lastKnownFileType = sourcecode.c.objc; path = Exercises.m; sourceTree = "<group>"; };
		3DE05A081B8E4C8C007A66FB /* ExerciseTableViewCell.h */ = {isa = PBXFileReference; fileEncoding = 4; lastKnownFileType = sourcecode.c.h; path = ExerciseTableViewCell.h; sourceTree = "<group>"; };
		3DE05A091B8E4C8C007A66FB /* ExerciseTableViewCell.m */ = {isa = PBXFileReference; fileEncoding = 4; lastKnownFileType = sourcecode.c.objc; path = ExerciseTableViewCell.m; sourceTree = "<group>"; };
		9A14C4B31B92338900212C5B /* digital.ttf */ = {isa = PBXFileReference; lastKnownFileType = file; path = digital.ttf; sourceTree = "<group>"; };
		9A14C4B61B92496500212C5B /* bell.mp3 */ = {isa = PBXFileReference; lastKnownFileType = audio.mp3; path = bell.mp3; sourceTree = "<group>"; };
		9A553E251B8CFC0700A0230B /* GOFightViewController.h */ = {isa = PBXFileReference; fileEncoding = 4; lastKnownFileType = sourcecode.c.h; path = GOFightViewController.h; sourceTree = "<group>"; };
		9A553E261B8CFC0700A0230B /* GOFightViewController.m */ = {isa = PBXFileReference; fileEncoding = 4; lastKnownFileType = sourcecode.c.objc; path = GOFightViewController.m; sourceTree = "<group>"; };
		9A553E311B8D0D4700A0230B /* buzzer.mp3 */ = {isa = PBXFileReference; lastKnownFileType = audio.mp3; name = buzzer.mp3; path = ../../BoxingTimer/BoxingTimer/sounds/buzzer.mp3; sourceTree = "<group>"; };
		9A553E341B8D101B00A0230B /* AVFoundation.framework */ = {isa = PBXFileReference; lastKnownFileType = wrapper.framework; name = AVFoundation.framework; path = System/Library/Frameworks/AVFoundation.framework; sourceTree = SDKROOT; };
		9A7EC3CE1B90DE6600D0CFB9 /* GOBuildTableViewController.h */ = {isa = PBXFileReference; fileEncoding = 4; lastKnownFileType = sourcecode.c.h; path = GOBuildTableViewController.h; sourceTree = "<group>"; };
		9A7EC3CF1B90DE6600D0CFB9 /* GOBuildTableViewController.m */ = {isa = PBXFileReference; fileEncoding = 4; lastKnownFileType = sourcecode.c.objc; path = GOBuildTableViewController.m; sourceTree = "<group>"; };
		9A7EC3D11B90E3E400D0CFB9 /* BuildManager.h */ = {isa = PBXFileReference; fileEncoding = 4; lastKnownFileType = sourcecode.c.h; path = BuildManager.h; sourceTree = "<group>"; };
		9A7EC3D21B90E3E400D0CFB9 /* BuildManager.m */ = {isa = PBXFileReference; fileEncoding = 4; lastKnownFileType = sourcecode.c.objc; path = BuildManager.m; sourceTree = "<group>"; };
		9A7EC3D41B90E46600D0CFB9 /* BuildWorkout.h */ = {isa = PBXFileReference; fileEncoding = 4; lastKnownFileType = sourcecode.c.h; path = BuildWorkout.h; sourceTree = "<group>"; };
		9A7EC3D51B90E46600D0CFB9 /* BuildWorkout.m */ = {isa = PBXFileReference; fileEncoding = 4; lastKnownFileType = sourcecode.c.objc; path = BuildWorkout.m; sourceTree = "<group>"; };
		9A7EC3D71B90E4F600D0CFB9 /* CustomTableViewCell.h */ = {isa = PBXFileReference; fileEncoding = 4; lastKnownFileType = sourcecode.c.h; path = CustomTableViewCell.h; sourceTree = "<group>"; };
		9A7EC3D81B90E4F600D0CFB9 /* CustomTableViewCell.m */ = {isa = PBXFileReference; fileEncoding = 4; lastKnownFileType = sourcecode.c.objc; path = CustomTableViewCell.m; sourceTree = "<group>"; };
		9A7EC3DA1B90E65B00D0CFB9 /* CreateWorkoutViewController.h */ = {isa = PBXFileReference; fileEncoding = 4; lastKnownFileType = sourcecode.c.h; path = CreateWorkoutViewController.h; sourceTree = "<group>"; };
		9A7EC3DB1B90E65B00D0CFB9 /* CreateWorkoutViewController.m */ = {isa = PBXFileReference; fileEncoding = 4; lastKnownFileType = sourcecode.c.objc; path = CreateWorkoutViewController.m; sourceTree = "<group>"; };
		9A8CD5291B87900000A194D9 /* GOStopwatchViewController.h */ = {isa = PBXFileReference; fileEncoding = 4; lastKnownFileType = sourcecode.c.h; path = GOStopwatchViewController.h; sourceTree = "<group>"; };
		9A8CD52A1B87900000A194D9 /* GOStopwatchViewController.m */ = {isa = PBXFileReference; fileEncoding = 4; lastKnownFileType = sourcecode.c.objc; path = GOStopwatchViewController.m; sourceTree = "<group>"; };
		9ACCFF3B1B8B991000F1693C /* GOWorkoutsTableViewController.h */ = {isa = PBXFileReference; fileEncoding = 4; lastKnownFileType = sourcecode.c.h; path = GOWorkoutsTableViewController.h; sourceTree = "<group>"; };
		9ACCFF3C1B8B991000F1693C /* GOWorkoutsTableViewController.m */ = {isa = PBXFileReference; fileEncoding = 4; lastKnownFileType = sourcecode.c.objc; path = GOWorkoutsTableViewController.m; sourceTree = "<group>"; };
		9AD5F5761B8A27B3004F25D6 /* GOTimerViewController.h */ = {isa = PBXFileReference; fileEncoding = 4; lastKnownFileType = sourcecode.c.h; path = GOTimerViewController.h; sourceTree = "<group>"; };
		9AD5F5771B8A27B3004F25D6 /* GOTimerViewController.m */ = {isa = PBXFileReference; fileEncoding = 4; lastKnownFileType = sourcecode.c.objc; path = GOTimerViewController.m; sourceTree = "<group>"; };
		9ADCAB671B8D7AC2009E6FF0 /* NikeTotal90.ttf */ = {isa = PBXFileReference; lastKnownFileType = file; path = NikeTotal90.ttf; sourceTree = "<group>"; };
/* End PBXFileReference section */

/* Begin PBXFrameworksBuildPhase section */
		3D2D2EF91B86B5A300E210BA /* Frameworks */ = {
			isa = PBXFrameworksBuildPhase;
			buildActionMask = 2147483647;
			files = (
				9A553E351B8D101B00A0230B /* AVFoundation.framework in Frameworks */,
			);
			runOnlyForDeploymentPostprocessing = 0;
		};
		3D2D2F121B86B5A300E210BA /* Frameworks */ = {
			isa = PBXFrameworksBuildPhase;
			buildActionMask = 2147483647;
			files = (
			);
			runOnlyForDeploymentPostprocessing = 0;
		};
		3D2D2F1D1B86B5A400E210BA /* Frameworks */ = {
			isa = PBXFrameworksBuildPhase;
			buildActionMask = 2147483647;
			files = (
			);
			runOnlyForDeploymentPostprocessing = 0;
		};
/* End PBXFrameworksBuildPhase section */

/* Begin PBXGroup section */
		3D2883531B8C02A500DE02B8 /* GOCalendar */ = {
			isa = PBXGroup;
			children = (
				3D28833D1B8B4DC700DE02B8 /* GOCalendarTableViewController.h */,
				3D28833E1B8B4DC700DE02B8 /* GOCalendarTableViewController.m */,
				3D28833A1B8B49F100DE02B8 /* GOCalendarViewController.h */,
				3D28833B1B8B49F100DE02B8 /* GOCalendarViewController.m */,
				3D2883591B8CBFC200DE02B8 /* GOCalendarResults.h */,
				3D28835A1B8CBFC200DE02B8 /* GOCalendarResults.m */,
			);
			name = GOCalendar;
			sourceTree = "<group>";
		};
		3D2883541B8C02AE00DE02B8 /* GOStopwatch */ = {
			isa = PBXGroup;
			children = (
				3D2883371B8A716800DE02B8 /* LapTimerTableViewCell.h */,
				3D2883381B8A716800DE02B8 /* LapTimerTableViewCell.m */,
				9A8CD5291B87900000A194D9 /* GOStopwatchViewController.h */,
				9A8CD52A1B87900000A194D9 /* GOStopwatchViewController.m */,
			);
			name = GOStopwatch;
			sourceTree = "<group>";
		};
		3D2883551B8C02B400DE02B8 /* GOWorkout */ = {
			isa = PBXGroup;
			children = (
				3DDB60BF1B893332008194DB /* WorkoutManager.h */,
				3DDB60C01B893332008194DB /* WorkoutManager.m */,
				3DDB60C21B893413008194DB /* Workout.h */,
				3DDB60C31B893413008194DB /* Workout.m */,
				3DDB60C51B893477008194DB /* Exercises.h */,
				3DDB60C61B893477008194DB /* Exercises.m */,
				9AD5F5761B8A27B3004F25D6 /* GOTimerViewController.h */,
				9AD5F5771B8A27B3004F25D6 /* GOTimerViewController.m */,
			);
			name = GOWorkout;
			sourceTree = "<group>";
		};
		3D2883561B8C02BA00DE02B8 /* GOCustomWorkout */ = {
			isa = PBXGroup;
			children = (
				3D29C62D1B8E154A004E33EF /* GOCustomQuestionViewController.h */,
				3D29C62E1B8E154A004E33EF /* GOCustomQuestionViewController.m */,
				3D67F6141B8D89E2008B5E6A /* GOCustomWorkoutTableViewController.h */,
				3D67F6151B8D89E2008B5E6A /* GOCustomWorkoutTableViewController.m */,
				3D67F6171B8D89FB008B5E6A /* GOCustomResultsViewController.h */,
				3D67F6181B8D89FB008B5E6A /* GOCustomResultsViewController.m */,
				3DE05A081B8E4C8C007A66FB /* ExerciseTableViewCell.h */,
				3DE05A091B8E4C8C007A66FB /* ExerciseTableViewCell.m */,
			);
			name = GOCustomWorkout;
			sourceTree = "<group>";
		};
		3D2D2EF31B86B5A300E210BA = {
			isa = PBXGroup;
			children = (
				9A553E341B8D101B00A0230B /* AVFoundation.framework */,
				3D2D2EFE1B86B5A300E210BA /* unit-1-final-project */,
				3D2D2F181B86B5A300E210BA /* unit-1-final-projectTests */,
				3D2D2F231B86B5A400E210BA /* unit-1-final-projectUITests */,
				3D2D2EFD1B86B5A300E210BA /* Products */,
			);
			sourceTree = "<group>";
		};
		3D2D2EFD1B86B5A300E210BA /* Products */ = {
			isa = PBXGroup;
			children = (
				3D2D2EFC1B86B5A300E210BA /* unit-1-final-project.app */,
				3D2D2F151B86B5A300E210BA /* unit-1-final-projectTests.xctest */,
				3D2D2F201B86B5A400E210BA /* unit-1-final-projectUITests.xctest */,
			);
			name = Products;
			sourceTree = "<group>";
		};
		3D2D2EFE1B86B5A300E210BA /* unit-1-final-project */ = {
			isa = PBXGroup;
			children = (
				3D2D2F0B1B86B5A300E210BA /* Assets.xcassets */,
				3D2D2F0D1B86B5A300E210BA /* LaunchScreen.storyboard */,
				3D28835C1B8D268F00DE02B8 /* Main.storyboard */,
				3D2D2F021B86B5A300E210BA /* AppDelegate.h */,
				3D2D2F031B86B5A300E210BA /* AppDelegate.m */,
				3DE05A0B1B8E8B48007A66FB /* Singleton & Objects */,
				9ACCFF3B1B8B991000F1693C /* GOWorkoutsTableViewController.h */,
				9ACCFF3C1B8B991000F1693C /* GOWorkoutsTableViewController.m */,
				9A7EC3CD1B90DE3400D0CFB9 /* GOBuild */,
				3D2883561B8C02BA00DE02B8 /* GOCustomWorkout */,
				3D2883551B8C02B400DE02B8 /* GOWorkout */,
				3D2883541B8C02AE00DE02B8 /* GOStopwatch */,
				3D2883531B8C02A500DE02B8 /* GOCalendar */,
				9A553E361B8D125800A0230B /* GOFight */,
				3D2D2EFF1B86B5A300E210BA /* Supporting Files */,
			);
			path = "unit-1-final-project";
			sourceTree = "<group>";
		};
		3D2D2EFF1B86B5A300E210BA /* Supporting Files */ = {
			isa = PBXGroup;
			children = (
				9A14C4B61B92496500212C5B /* bell.mp3 */,
				9A14C4B31B92338900212C5B /* digital.ttf */,
				9A553E311B8D0D4700A0230B /* buzzer.mp3 */,
				9ADCAB671B8D7AC2009E6FF0 /* NikeTotal90.ttf */,
				3D2D2F101B86B5A300E210BA /* Info.plist */,
				3D2D2F001B86B5A300E210BA /* main.m */,
			);
			name = "Supporting Files";
			sourceTree = "<group>";
		};
		3D2D2F181B86B5A300E210BA /* unit-1-final-projectTests */ = {
			isa = PBXGroup;
			children = (
				3D2D2F191B86B5A400E210BA /* unit_1_final_projectTests.m */,
				3D2D2F1B1B86B5A400E210BA /* Info.plist */,
			);
			path = "unit-1-final-projectTests";
			sourceTree = "<group>";
		};
		3D2D2F231B86B5A400E210BA /* unit-1-final-projectUITests */ = {
			isa = PBXGroup;
			children = (
				3D2D2F241B86B5A400E210BA /* unit_1_final_projectUITests.m */,
				3D2D2F261B86B5A400E210BA /* Info.plist */,
			);
			path = "unit-1-final-projectUITests";
			sourceTree = "<group>";
		};
		3DE05A0B1B8E8B48007A66FB /* Singleton & Objects */ = {
			isa = PBXGroup;
			children = (
				3DDB60BF1B893332008194DB /* WorkoutManager.h */,
				3DDB60C01B893332008194DB /* WorkoutManager.m */,
				3DDB60C21B893413008194DB /* Workout.h */,
				3DDB60C31B893413008194DB /* Workout.m */,
				3DDB60C51B893477008194DB /* Exercises.h */,
				3DDB60C61B893477008194DB /* Exercises.m */,
				3D29C62A1B8E009F004E33EF /* BackgroundGradient.h */,
				3D29C62B1B8E009F004E33EF /* BackgroundGradient.m */,
			);
			name = "Singleton & Objects";
			sourceTree = "<group>";
		};
		9A553E361B8D125800A0230B /* GOFight */ = {
			isa = PBXGroup;
			children = (
				9A553E251B8CFC0700A0230B /* GOFightViewController.h */,
				9A553E261B8CFC0700A0230B /* GOFightViewController.m */,
			);
			name = GOFight;
			sourceTree = "<group>";
		};
		9A7EC3CD1B90DE3400D0CFB9 /* GOBuild */ = {
			isa = PBXGroup;
			children = (
				9A7EC3D11B90E3E400D0CFB9 /* BuildManager.h */,
				9A7EC3D21B90E3E400D0CFB9 /* BuildManager.m */,
				9A7EC3D41B90E46600D0CFB9 /* BuildWorkout.h */,
				9A7EC3D51B90E46600D0CFB9 /* BuildWorkout.m */,
				9A7EC3CE1B90DE6600D0CFB9 /* GOBuildTableViewController.h */,
				9A7EC3CF1B90DE6600D0CFB9 /* GOBuildTableViewController.m */,
				9A7EC3D71B90E4F600D0CFB9 /* CustomTableViewCell.h */,
				9A7EC3D81B90E4F600D0CFB9 /* CustomTableViewCell.m */,
				9A7EC3DA1B90E65B00D0CFB9 /* CreateWorkoutViewController.h */,
				9A7EC3DB1B90E65B00D0CFB9 /* CreateWorkoutViewController.m */,
			);
			name = GOBuild;
			sourceTree = "<group>";
		};
/* End PBXGroup section */

/* Begin PBXNativeTarget section */
		3D2D2EFB1B86B5A300E210BA /* unit-1-final-project */ = {
			isa = PBXNativeTarget;
			buildConfigurationList = 3D2D2F291B86B5A400E210BA /* Build configuration list for PBXNativeTarget "unit-1-final-project" */;
			buildPhases = (
				3D2D2EF81B86B5A300E210BA /* Sources */,
				3D2D2EF91B86B5A300E210BA /* Frameworks */,
				3D2D2EFA1B86B5A300E210BA /* Resources */,
			);
			buildRules = (
			);
			dependencies = (
			);
			name = "unit-1-final-project";
			productName = "unit-1-final-project";
			productReference = 3D2D2EFC1B86B5A300E210BA /* unit-1-final-project.app */;
			productType = "com.apple.product-type.application";
		};
		3D2D2F141B86B5A300E210BA /* unit-1-final-projectTests */ = {
			isa = PBXNativeTarget;
			buildConfigurationList = 3D2D2F2C1B86B5A400E210BA /* Build configuration list for PBXNativeTarget "unit-1-final-projectTests" */;
			buildPhases = (
				3D2D2F111B86B5A300E210BA /* Sources */,
				3D2D2F121B86B5A300E210BA /* Frameworks */,
				3D2D2F131B86B5A300E210BA /* Resources */,
			);
			buildRules = (
			);
			dependencies = (
				3D2D2F171B86B5A300E210BA /* PBXTargetDependency */,
			);
			name = "unit-1-final-projectTests";
			productName = "unit-1-final-projectTests";
			productReference = 3D2D2F151B86B5A300E210BA /* unit-1-final-projectTests.xctest */;
			productType = "com.apple.product-type.bundle.unit-test";
		};
		3D2D2F1F1B86B5A400E210BA /* unit-1-final-projectUITests */ = {
			isa = PBXNativeTarget;
			buildConfigurationList = 3D2D2F2F1B86B5A400E210BA /* Build configuration list for PBXNativeTarget "unit-1-final-projectUITests" */;
			buildPhases = (
				3D2D2F1C1B86B5A400E210BA /* Sources */,
				3D2D2F1D1B86B5A400E210BA /* Frameworks */,
				3D2D2F1E1B86B5A400E210BA /* Resources */,
			);
			buildRules = (
			);
			dependencies = (
				3D2D2F221B86B5A400E210BA /* PBXTargetDependency */,
			);
			name = "unit-1-final-projectUITests";
			productName = "unit-1-final-projectUITests";
			productReference = 3D2D2F201B86B5A400E210BA /* unit-1-final-projectUITests.xctest */;
			productType = "com.apple.product-type.bundle.ui-testing";
		};
/* End PBXNativeTarget section */

/* Begin PBXProject section */
		3D2D2EF41B86B5A300E210BA /* Project object */ = {
			isa = PBXProject;
			attributes = {
				LastUpgradeCheck = 0700;
				ORGANIZATIONNAME = apps;
				TargetAttributes = {
					3D2D2EFB1B86B5A300E210BA = {
						CreatedOnToolsVersion = 7.0;
						DevelopmentTeam = 3358H79N3F;
					};
					3D2D2F141B86B5A300E210BA = {
						CreatedOnToolsVersion = 7.0;
						TestTargetID = 3D2D2EFB1B86B5A300E210BA;
					};
					3D2D2F1F1B86B5A400E210BA = {
						CreatedOnToolsVersion = 7.0;
						TestTargetID = 3D2D2EFB1B86B5A300E210BA;
					};
				};
			};
			buildConfigurationList = 3D2D2EF71B86B5A300E210BA /* Build configuration list for PBXProject "unit-1-final-project" */;
			compatibilityVersion = "Xcode 3.2";
			developmentRegion = English;
			hasScannedForEncodings = 0;
			knownRegions = (
				en,
				Base,
			);
			mainGroup = 3D2D2EF31B86B5A300E210BA;
			productRefGroup = 3D2D2EFD1B86B5A300E210BA /* Products */;
			projectDirPath = "";
			projectRoot = "";
			targets = (
				3D2D2EFB1B86B5A300E210BA /* unit-1-final-project */,
				3D2D2F141B86B5A300E210BA /* unit-1-final-projectTests */,
				3D2D2F1F1B86B5A400E210BA /* unit-1-final-projectUITests */,
			);
		};
/* End PBXProject section */

/* Begin PBXResourcesBuildPhase section */
		3D2D2EFA1B86B5A300E210BA /* Resources */ = {
			isa = PBXResourcesBuildPhase;
			buildActionMask = 2147483647;
			files = (
				9A14C4B51B9236C900212C5B /* digital.ttf in Resources */,
				9ADCAB681B8D7B4A009E6FF0 /* NikeTotal90.ttf in Resources */,
				3D2D2F0F1B86B5A300E210BA /* LaunchScreen.storyboard in Resources */,
				3D67F6101B8D43C4008B5E6A /* buzzer.mp3 in Resources */,
				3D67F60F1B8D43C4008B5E6A /* bell.mp3 in Resources */,
				3D2D2F0C1B86B5A300E210BA /* Assets.xcassets in Resources */,
				3D28835E1B8D268F00DE02B8 /* Main.storyboard in Resources */,
			);
			runOnlyForDeploymentPostprocessing = 0;
		};
		3D2D2F131B86B5A300E210BA /* Resources */ = {
			isa = PBXResourcesBuildPhase;
			buildActionMask = 2147483647;
			files = (
			);
			runOnlyForDeploymentPostprocessing = 0;
		};
		3D2D2F1E1B86B5A400E210BA /* Resources */ = {
			isa = PBXResourcesBuildPhase;
			buildActionMask = 2147483647;
			files = (
			);
			runOnlyForDeploymentPostprocessing = 0;
		};
/* End PBXResourcesBuildPhase section */

/* Begin PBXSourcesBuildPhase section */
		3D2D2EF81B86B5A300E210BA /* Sources */ = {
			isa = PBXSourcesBuildPhase;
			buildActionMask = 2147483647;
			files = (
				9A7EC3D91B90E4F600D0CFB9 /* CustomTableViewCell.m in Sources */,
				9A8CD52B1B87900000A194D9 /* GOStopwatchViewController.m in Sources */,
				9ACCFF3D1B8B991000F1693C /* GOWorkoutsTableViewController.m in Sources */,
				9A7EC3D01B90DE6600D0CFB9 /* GOBuildTableViewController.m in Sources */,
				3DDB60C71B893477008194DB /* Exercises.m in Sources */,
				9A7EC3D61B90E46600D0CFB9 /* BuildWorkout.m in Sources */,
				9AD5F5781B8A27B3004F25D6 /* GOTimerViewController.m in Sources */,
				3D28833F1B8B4DC700DE02B8 /* GOCalendarTableViewController.m in Sources */,
				3D2883391B8A716800DE02B8 /* LapTimerTableViewCell.m in Sources */,
				3DDB60C41B893413008194DB /* Workout.m in Sources */,
				3D28833C1B8B49F100DE02B8 /* GOCalendarViewController.m in Sources */,
				3D28835B1B8CBFC200DE02B8 /* GOCalendarResults.m in Sources */,
				3DE05A0A1B8E4C8C007A66FB /* ExerciseTableViewCell.m in Sources */,
				3D67F6161B8D89E2008B5E6A /* GOCustomWorkoutTableViewController.m in Sources */,
				9A7EC3DC1B90E65B00D0CFB9 /* CreateWorkoutViewController.m in Sources */,
				3D2D2F041B86B5A300E210BA /* AppDelegate.m in Sources */,
				3D67F6191B8D89FB008B5E6A /* GOCustomResultsViewController.m in Sources */,
				3D29C62C1B8E009F004E33EF /* BackgroundGradient.m in Sources */,
				3DDB60C11B893332008194DB /* WorkoutManager.m in Sources */,
				3D29C62F1B8E154A004E33EF /* GOCustomQuestionViewController.m in Sources */,
				3D2D2F011B86B5A300E210BA /* main.m in Sources */,
				9A553E271B8CFC0700A0230B /* GOFightViewController.m in Sources */,
				9A7EC3D31B90E3E400D0CFB9 /* BuildManager.m in Sources */,
			);
			runOnlyForDeploymentPostprocessing = 0;
		};
		3D2D2F111B86B5A300E210BA /* Sources */ = {
			isa = PBXSourcesBuildPhase;
			buildActionMask = 2147483647;
			files = (
				3D2D2F1A1B86B5A400E210BA /* unit_1_final_projectTests.m in Sources */,
			);
			runOnlyForDeploymentPostprocessing = 0;
		};
		3D2D2F1C1B86B5A400E210BA /* Sources */ = {
			isa = PBXSourcesBuildPhase;
			buildActionMask = 2147483647;
			files = (
				3D2D2F251B86B5A400E210BA /* unit_1_final_projectUITests.m in Sources */,
			);
			runOnlyForDeploymentPostprocessing = 0;
		};
/* End PBXSourcesBuildPhase section */

/* Begin PBXTargetDependency section */
		3D2D2F171B86B5A300E210BA /* PBXTargetDependency */ = {
			isa = PBXTargetDependency;
			target = 3D2D2EFB1B86B5A300E210BA /* unit-1-final-project */;
			targetProxy = 3D2D2F161B86B5A300E210BA /* PBXContainerItemProxy */;
		};
		3D2D2F221B86B5A400E210BA /* PBXTargetDependency */ = {
			isa = PBXTargetDependency;
			target = 3D2D2EFB1B86B5A300E210BA /* unit-1-final-project */;
			targetProxy = 3D2D2F211B86B5A400E210BA /* PBXContainerItemProxy */;
		};
/* End PBXTargetDependency section */

/* Begin PBXVariantGroup section */
		3D28835C1B8D268F00DE02B8 /* Main.storyboard */ = {
			isa = PBXVariantGroup;
			children = (
				3D28835D1B8D268F00DE02B8 /* Base */,
			);
			name = Main.storyboard;
			sourceTree = "<group>";
		};
		3D2D2F0D1B86B5A300E210BA /* LaunchScreen.storyboard */ = {
			isa = PBXVariantGroup;
			children = (
				3D2D2F0E1B86B5A300E210BA /* Base */,
			);
			name = LaunchScreen.storyboard;
			sourceTree = "<group>";
		};
/* End PBXVariantGroup section */

/* Begin XCBuildConfiguration section */
		3D2D2F271B86B5A400E210BA /* Debug */ = {
			isa = XCBuildConfiguration;
			buildSettings = {
				ALWAYS_SEARCH_USER_PATHS = NO;
				CLANG_CXX_LANGUAGE_STANDARD = "gnu++0x";
				CLANG_CXX_LIBRARY = "libc++";
				CLANG_ENABLE_MODULES = YES;
				CLANG_ENABLE_OBJC_ARC = YES;
				CLANG_WARN_BOOL_CONVERSION = YES;
				CLANG_WARN_CONSTANT_CONVERSION = YES;
				CLANG_WARN_DIRECT_OBJC_ISA_USAGE = YES_ERROR;
				CLANG_WARN_EMPTY_BODY = YES;
				CLANG_WARN_ENUM_CONVERSION = YES;
				CLANG_WARN_INT_CONVERSION = YES;
				CLANG_WARN_OBJC_ROOT_CLASS = YES_ERROR;
				CLANG_WARN_UNREACHABLE_CODE = YES;
				CLANG_WARN__DUPLICATE_METHOD_MATCH = YES;
				"CODE_SIGN_IDENTITY[sdk=iphoneos*]" = "iPhone Developer";
				COPY_PHASE_STRIP = NO;
				DEBUG_INFORMATION_FORMAT = dwarf;
				ENABLE_STRICT_OBJC_MSGSEND = YES;
				ENABLE_TESTABILITY = YES;
				GCC_C_LANGUAGE_STANDARD = gnu99;
				GCC_DYNAMIC_NO_PIC = NO;
				GCC_NO_COMMON_BLOCKS = YES;
				GCC_OPTIMIZATION_LEVEL = 0;
				GCC_PREPROCESSOR_DEFINITIONS = (
					"DEBUG=1",
					"$(inherited)",
				);
				GCC_WARN_64_TO_32_BIT_CONVERSION = YES;
				GCC_WARN_ABOUT_RETURN_TYPE = YES_ERROR;
				GCC_WARN_UNDECLARED_SELECTOR = YES;
				GCC_WARN_UNINITIALIZED_AUTOS = YES_AGGRESSIVE;
				GCC_WARN_UNUSED_FUNCTION = YES;
				GCC_WARN_UNUSED_VARIABLE = YES;
				IPHONEOS_DEPLOYMENT_TARGET = 8.4;
				MTL_ENABLE_DEBUG_INFO = YES;
				ONLY_ACTIVE_ARCH = YES;
				SDKROOT = iphoneos;
			};
			name = Debug;
		};
		3D2D2F281B86B5A400E210BA /* Release */ = {
			isa = XCBuildConfiguration;
			buildSettings = {
				ALWAYS_SEARCH_USER_PATHS = NO;
				CLANG_CXX_LANGUAGE_STANDARD = "gnu++0x";
				CLANG_CXX_LIBRARY = "libc++";
				CLANG_ENABLE_MODULES = YES;
				CLANG_ENABLE_OBJC_ARC = YES;
				CLANG_WARN_BOOL_CONVERSION = YES;
				CLANG_WARN_CONSTANT_CONVERSION = YES;
				CLANG_WARN_DIRECT_OBJC_ISA_USAGE = YES_ERROR;
				CLANG_WARN_EMPTY_BODY = YES;
				CLANG_WARN_ENUM_CONVERSION = YES;
				CLANG_WARN_INT_CONVERSION = YES;
				CLANG_WARN_OBJC_ROOT_CLASS = YES_ERROR;
				CLANG_WARN_UNREACHABLE_CODE = YES;
				CLANG_WARN__DUPLICATE_METHOD_MATCH = YES;
				"CODE_SIGN_IDENTITY[sdk=iphoneos*]" = "iPhone Developer";
				COPY_PHASE_STRIP = NO;
				DEBUG_INFORMATION_FORMAT = "dwarf-with-dsym";
				ENABLE_NS_ASSERTIONS = NO;
				ENABLE_STRICT_OBJC_MSGSEND = YES;
				GCC_C_LANGUAGE_STANDARD = gnu99;
				GCC_NO_COMMON_BLOCKS = YES;
				GCC_WARN_64_TO_32_BIT_CONVERSION = YES;
				GCC_WARN_ABOUT_RETURN_TYPE = YES_ERROR;
				GCC_WARN_UNDECLARED_SELECTOR = YES;
				GCC_WARN_UNINITIALIZED_AUTOS = YES_AGGRESSIVE;
				GCC_WARN_UNUSED_FUNCTION = YES;
				GCC_WARN_UNUSED_VARIABLE = YES;
				IPHONEOS_DEPLOYMENT_TARGET = 8.4;
				MTL_ENABLE_DEBUG_INFO = NO;
				SDKROOT = iphoneos;
				VALIDATE_PRODUCT = YES;
			};
			name = Release;
		};
		3D2D2F2A1B86B5A400E210BA /* Debug */ = {
			isa = XCBuildConfiguration;
			buildSettings = {
				ASSETCATALOG_COMPILER_APPICON_NAME = AppIcon;
				CODE_SIGN_IDENTITY = "iPhone Developer";
				"CODE_SIGN_IDENTITY[sdk=iphoneos*]" = "iPhone Developer";
				INFOPLIST_FILE = "unit-1-final-project/Info.plist";
				IPHONEOS_DEPLOYMENT_TARGET = 9.0;
				LD_RUNPATH_SEARCH_PATHS = "$(inherited) @executable_path/Frameworks";
				PRODUCT_BUNDLE_IDENTIFIER = "c4q.accesscode.zovfreullia.unit-1-final-project";
				PRODUCT_NAME = "$(TARGET_NAME)";
				PROVISIONING_PROFILE = "";
				TARGETED_DEVICE_FAMILY = 1;
			};
			name = Debug;
		};
		3D2D2F2B1B86B5A400E210BA /* Release */ = {
			isa = XCBuildConfiguration;
			buildSettings = {
				ASSETCATALOG_COMPILER_APPICON_NAME = AppIcon;
				CODE_SIGN_IDENTITY = "iPhone Developer";
				"CODE_SIGN_IDENTITY[sdk=iphoneos*]" = "iPhone Developer";
				INFOPLIST_FILE = "unit-1-final-project/Info.plist";
				IPHONEOS_DEPLOYMENT_TARGET = 9.0;
				LD_RUNPATH_SEARCH_PATHS = "$(inherited) @executable_path/Frameworks";
				PRODUCT_BUNDLE_IDENTIFIER = "c4q.accesscode.zovfreullia.unit-1-final-project";
				PRODUCT_NAME = "$(TARGET_NAME)";
				PROVISIONING_PROFILE = "";
				TARGETED_DEVICE_FAMILY = 1;
			};
			name = Release;
		};
		3D2D2F2D1B86B5A400E210BA /* Debug */ = {
			isa = XCBuildConfiguration;
			buildSettings = {
				BUNDLE_LOADER = "$(TEST_HOST)";
				INFOPLIST_FILE = "unit-1-final-projectTests/Info.plist";
				LD_RUNPATH_SEARCH_PATHS = "$(inherited) @executable_path/Frameworks @loader_path/Frameworks";
				PRODUCT_BUNDLE_IDENTIFIER = "c4q.accesscode.zovfreullia.unit-1-final-projectTests";
				PRODUCT_NAME = "$(TARGET_NAME)";
				TEST_HOST = "$(BUILT_PRODUCTS_DIR)/unit-1-final-project.app/unit-1-final-project";
			};
			name = Debug;
		};
		3D2D2F2E1B86B5A400E210BA /* Release */ = {
			isa = XCBuildConfiguration;
			buildSettings = {
				BUNDLE_LOADER = "$(TEST_HOST)";
				INFOPLIST_FILE = "unit-1-final-projectTests/Info.plist";
				LD_RUNPATH_SEARCH_PATHS = "$(inherited) @executable_path/Frameworks @loader_path/Frameworks";
				PRODUCT_BUNDLE_IDENTIFIER = "c4q.accesscode.zovfreullia.unit-1-final-projectTests";
				PRODUCT_NAME = "$(TARGET_NAME)";
				TEST_HOST = "$(BUILT_PRODUCTS_DIR)/unit-1-final-project.app/unit-1-final-project";
			};
			name = Release;
		};
		3D2D2F301B86B5A400E210BA /* Debug */ = {
			isa = XCBuildConfiguration;
			buildSettings = {
				INFOPLIST_FILE = "unit-1-final-projectUITests/Info.plist";
				LD_RUNPATH_SEARCH_PATHS = "$(inherited) @executable_path/Frameworks @loader_path/Frameworks";
				PRODUCT_BUNDLE_IDENTIFIER = "c4q.accesscode.zovfreullia.unit-1-final-projectUITests";
				PRODUCT_NAME = "$(TARGET_NAME)";
				TEST_TARGET_NAME = "unit-1-final-project";
				USES_XCTRUNNER = YES;
			};
			name = Debug;
		};
		3D2D2F311B86B5A400E210BA /* Release */ = {
			isa = XCBuildConfiguration;
			buildSettings = {
				INFOPLIST_FILE = "unit-1-final-projectUITests/Info.plist";
				LD_RUNPATH_SEARCH_PATHS = "$(inherited) @executable_path/Frameworks @loader_path/Frameworks";
				PRODUCT_BUNDLE_IDENTIFIER = "c4q.accesscode.zovfreullia.unit-1-final-projectUITests";
				PRODUCT_NAME = "$(TARGET_NAME)";
				TEST_TARGET_NAME = "unit-1-final-project";
				USES_XCTRUNNER = YES;
			};
			name = Release;
		};
/* End XCBuildConfiguration section */

/* Begin XCConfigurationList section */
		3D2D2EF71B86B5A300E210BA /* Build configuration list for PBXProject "unit-1-final-project" */ = {
			isa = XCConfigurationList;
			buildConfigurations = (
				3D2D2F271B86B5A400E210BA /* Debug */,
				3D2D2F281B86B5A400E210BA /* Release */,
			);
			defaultConfigurationIsVisible = 0;
			defaultConfigurationName = Release;
		};
		3D2D2F291B86B5A400E210BA /* Build configuration list for PBXNativeTarget "unit-1-final-project" */ = {
			isa = XCConfigurationList;
			buildConfigurations = (
				3D2D2F2A1B86B5A400E210BA /* Debug */,
				3D2D2F2B1B86B5A400E210BA /* Release */,
			);
			defaultConfigurationIsVisible = 0;
			defaultConfigurationName = Release;
		};
		3D2D2F2C1B86B5A400E210BA /* Build configuration list for PBXNativeTarget "unit-1-final-projectTests" */ = {
			isa = XCConfigurationList;
			buildConfigurations = (
				3D2D2F2D1B86B5A400E210BA /* Debug */,
				3D2D2F2E1B86B5A400E210BA /* Release */,
			);
			defaultConfigurationIsVisible = 0;
			defaultConfigurationName = Release;
		};
		3D2D2F2F1B86B5A400E210BA /* Build configuration list for PBXNativeTarget "unit-1-final-projectUITests" */ = {
			isa = XCConfigurationList;
			buildConfigurations = (
				3D2D2F301B86B5A400E210BA /* Debug */,
				3D2D2F311B86B5A400E210BA /* Release */,
			);
			defaultConfigurationIsVisible = 0;
			defaultConfigurationName = Release;
		};
/* End XCConfigurationList section */
	};
	rootObject = 3D2D2EF41B86B5A300E210BA /* Project object */;
}
